// !$*UTF8*$!
{
	archiveVersion = 1;
	classes = {
	};
	objectVersion = 56;
	objects = {

/* Begin PBXBuildFile section */
		D404A4E22C6D84FC005C3C6E /* LikeBody.swift in Sources */ = {isa = PBXBuildFile; fileRef = D404A4E12C6D84FC005C3C6E /* LikeBody.swift */; };
		D404A4E42C6D862E005C3C6E /* ProfileBody.swift in Sources */ = {isa = PBXBuildFile; fileRef = D404A4E32C6D862E005C3C6E /* ProfileBody.swift */; };
		D404A4E72C6DA0EC005C3C6E /* JoinResponse.swift in Sources */ = {isa = PBXBuildFile; fileRef = D404A4E62C6DA0EC005C3C6E /* JoinResponse.swift */; };
		D404A4E92C6DA90B005C3C6E /* EmailDuplicateCheckResponse.swift in Sources */ = {isa = PBXBuildFile; fileRef = D404A4E82C6DA90B005C3C6E /* EmailDuplicateCheckResponse.swift */; };
		D404A4EB2C6DA97B005C3C6E /* LoginResponse.swift in Sources */ = {isa = PBXBuildFile; fileRef = D404A4EA2C6DA97B005C3C6E /* LoginResponse.swift */; };
		D404A4ED2C6DA9A0005C3C6E /* RefreshResponse.swift in Sources */ = {isa = PBXBuildFile; fileRef = D404A4EC2C6DA9A0005C3C6E /* RefreshResponse.swift */; };
		D404A4EF2C6DA9D9005C3C6E /* WithdrawResponse.swift in Sources */ = {isa = PBXBuildFile; fileRef = D404A4EE2C6DA9D9005C3C6E /* WithdrawResponse.swift */; };
		D404A4F12C6DB762005C3C6E /* PostImageResponse.swift in Sources */ = {isa = PBXBuildFile; fileRef = D404A4F02C6DB762005C3C6E /* PostImageResponse.swift */; };
		D404A4F32C6DB78D005C3C6E /* Post.swift in Sources */ = {isa = PBXBuildFile; fileRef = D404A4F22C6DB78D005C3C6E /* Post.swift */; };
		D404A4F52C6DBAAB005C3C6E /* GetAllPostsResponse.swift in Sources */ = {isa = PBXBuildFile; fileRef = D404A4F42C6DBAAB005C3C6E /* GetAllPostsResponse.swift */; };
		D404A4F72C6DC422005C3C6E /* GetSomePostResponse.swift in Sources */ = {isa = PBXBuildFile; fileRef = D404A4F62C6DC422005C3C6E /* GetSomePostResponse.swift */; };
		D404A4F92C6DFB99005C3C6E /* EditPostResponse.swift in Sources */ = {isa = PBXBuildFile; fileRef = D404A4F82C6DFB99005C3C6E /* EditPostResponse.swift */; };
		D404A4FB2C6DFC2C005C3C6E /* GetUserPostResponse.swift in Sources */ = {isa = PBXBuildFile; fileRef = D404A4FA2C6DFC2C005C3C6E /* GetUserPostResponse.swift */; };
		D404A4FD2C6DFCD9005C3C6E /* WriteCommentResponse.swift in Sources */ = {isa = PBXBuildFile; fileRef = D404A4FC2C6DFCD9005C3C6E /* WriteCommentResponse.swift */; };
		D404A4FF2C6DFDA8005C3C6E /* EditCommentResponse.swift in Sources */ = {isa = PBXBuildFile; fileRef = D404A4FE2C6DFDA8005C3C6E /* EditCommentResponse.swift */; };
		D404A5012C6DFE0C005C3C6E /* LikeResponse.swift in Sources */ = {isa = PBXBuildFile; fileRef = D404A5002C6DFE0C005C3C6E /* LikeResponse.swift */; };
		D404A5032C6DFE5F005C3C6E /* LikePostResponse.swift in Sources */ = {isa = PBXBuildFile; fileRef = D404A5022C6DFE5F005C3C6E /* LikePostResponse.swift */; };
		D404A5052C6E0019005C3C6E /* FollowResponse.swift in Sources */ = {isa = PBXBuildFile; fileRef = D404A5042C6E0019005C3C6E /* FollowResponse.swift */; };
		D404A5072C6E2BB7005C3C6E /* GetMyProfileResponse.swift in Sources */ = {isa = PBXBuildFile; fileRef = D404A5062C6E2BB6005C3C6E /* GetMyProfileResponse.swift */; };
		D404A5092C6E2CA8005C3C6E /* EditMyProfileResponse.swift in Sources */ = {isa = PBXBuildFile; fileRef = D404A5082C6E2CA8005C3C6E /* EditMyProfileResponse.swift */; };
		D404A50B2C6E2D51005C3C6E /* GetOthersProfileResponse.swift in Sources */ = {isa = PBXBuildFile; fileRef = D404A50A2C6E2D51005C3C6E /* GetOthersProfileResponse.swift */; };
		D404A50D2C6E2DE9005C3C6E /* HashtagResponse.swift in Sources */ = {isa = PBXBuildFile; fileRef = D404A50C2C6E2DE9005C3C6E /* HashtagResponse.swift */; };
		D404A50F2C6E302E005C3C6E /* SearchNetworkManager.swift in Sources */ = {isa = PBXBuildFile; fileRef = D404A50E2C6E302E005C3C6E /* SearchNetworkManager.swift */; };
		D404A5122C6E4EC8005C3C6E /* SnapKit in Frameworks */ = {isa = PBXBuildFile; productRef = D404A5112C6E4EC8005C3C6E /* SnapKit */; };
		D404A51D2C6E4F2D005C3C6E /* JoinViewModel.swift in Sources */ = {isa = PBXBuildFile; fileRef = D404A51C2C6E4F2D005C3C6E /* JoinViewModel.swift */; };
		D404A5212C6F28A5005C3C6E /* TestViewController.swift in Sources */ = {isa = PBXBuildFile; fileRef = D404A5202C6F28A5005C3C6E /* TestViewController.swift */; };
		D404A5272C6F7D10005C3C6E /* GetAllPostQuery.swift in Sources */ = {isa = PBXBuildFile; fileRef = D404A5262C6F7D10005C3C6E /* GetAllPostQuery.swift */; };
		D404A5292C6F7DAD005C3C6E /* GetLikePostQuery.swift in Sources */ = {isa = PBXBuildFile; fileRef = D404A5282C6F7DAD005C3C6E /* GetLikePostQuery.swift */; };
		D404A52B2C6F7E05005C3C6E /* HashQuery.swift in Sources */ = {isa = PBXBuildFile; fileRef = D404A52A2C6F7E05005C3C6E /* HashQuery.swift */; };
		D404A52F2C6F9435005C3C6E /* ErrorResponse.swift in Sources */ = {isa = PBXBuildFile; fileRef = D404A52E2C6F9435005C3C6E /* ErrorResponse.swift */; };
		D404A5352C7085E0005C3C6E /* BaseViewController.swift in Sources */ = {isa = PBXBuildFile; fileRef = D404A5342C7085E0005C3C6E /* BaseViewController.swift */; };
		D404A5372C708686005C3C6E /* ViewController+Ex.swift in Sources */ = {isa = PBXBuildFile; fileRef = D404A5362C708686005C3C6E /* ViewController+Ex.swift */; };
		D404A5392C70871B005C3C6E /* LoginViewModel.swift in Sources */ = {isa = PBXBuildFile; fileRef = D404A5382C70871B005C3C6E /* LoginViewModel.swift */; };
		D404A53C2C7087B8005C3C6E /* IQKeyboardManagerSwift in Frameworks */ = {isa = PBXBuildFile; productRef = D404A53B2C7087B8005C3C6E /* IQKeyboardManagerSwift */; };
		D404A53E2C70889E005C3C6E /* MainPostViewModel.swift in Sources */ = {isa = PBXBuildFile; fileRef = D404A53D2C70889E005C3C6E /* MainPostViewModel.swift */; };
		D404A5402C7088B4005C3C6E /* DetailViewModel.swift in Sources */ = {isa = PBXBuildFile; fileRef = D404A53F2C7088B4005C3C6E /* DetailViewModel.swift */; };
		D404A5422C70E1A1005C3C6E /* PostTableViewCell.swift in Sources */ = {isa = PBXBuildFile; fileRef = D404A5412C70E1A1005C3C6E /* PostTableViewCell.swift */; };
		D404A5442C71B44A005C3C6E /* ProfileViewController.swift in Sources */ = {isa = PBXBuildFile; fileRef = D404A5432C71B44A005C3C6E /* ProfileViewController.swift */; };
		D404A5462C71B5BC005C3C6E /* CommentsViewController.swift in Sources */ = {isa = PBXBuildFile; fileRef = D404A5452C71B5BC005C3C6E /* CommentsViewController.swift */; };
		D404A5482C71B62F005C3C6E /* CommentTableViewCell.swift in Sources */ = {isa = PBXBuildFile; fileRef = D404A5472C71B62F005C3C6E /* CommentTableViewCell.swift */; };
		D404A54A2C71B7DE005C3C6E /* NSObject+Ex.swift in Sources */ = {isa = PBXBuildFile; fileRef = D404A5492C71B7DE005C3C6E /* NSObject+Ex.swift */; };
		D404A54C2C71BAD0005C3C6E /* CommentTextFieldView.swift in Sources */ = {isa = PBXBuildFile; fileRef = D404A54B2C71BAD0005C3C6E /* CommentTextFieldView.swift */; };
		D404A54F2C7204B6005C3C6E /* NewPostViewController.swift in Sources */ = {isa = PBXBuildFile; fileRef = D404A54E2C7204B6005C3C6E /* NewPostViewController.swift */; };
		D404A5512C720AB6005C3C6E /* CountAndLabelView.swift in Sources */ = {isa = PBXBuildFile; fileRef = D404A5502C720AB6005C3C6E /* CountAndLabelView.swift */; };
		D404A5542C720D38005C3C6E /* FollowsViewController.swift in Sources */ = {isa = PBXBuildFile; fileRef = D404A5532C720D38005C3C6E /* FollowsViewController.swift */; };
		D404A5562C720E95005C3C6E /* FollowsTableViewCell.swift in Sources */ = {isa = PBXBuildFile; fileRef = D404A5552C720E95005C3C6E /* FollowsTableViewCell.swift */; };
		D404A5582C721063005C3C6E /* FollowsViewModel.swift in Sources */ = {isa = PBXBuildFile; fileRef = D404A5572C721063005C3C6E /* FollowsViewModel.swift */; };
		D404A55A2C721108005C3C6E /* FollowsListView.swift in Sources */ = {isa = PBXBuildFile; fileRef = D404A5592C721108005C3C6E /* FollowsListView.swift */; };
		D404A55C2C721230005C3C6E /* NewPostViewModel.swift in Sources */ = {isa = PBXBuildFile; fileRef = D404A55B2C721230005C3C6E /* NewPostViewModel.swift */; };
		D404A55F2C721364005C3C6E /* WineTabController.swift in Sources */ = {isa = PBXBuildFile; fileRef = D404A55E2C721364005C3C6E /* WineTabController.swift */; };
		D404A5612C721387005C3C6E /* CommentsViewModel.swift in Sources */ = {isa = PBXBuildFile; fileRef = D404A5602C721387005C3C6E /* CommentsViewModel.swift */; };
		D404A5632C721455005C3C6E /* ProfileViewModel.swift in Sources */ = {isa = PBXBuildFile; fileRef = D404A5622C721455005C3C6E /* ProfileViewModel.swift */; };
		D41E73052C7D8AC300097F90 /* SelectionView.swift in Sources */ = {isa = PBXBuildFile; fileRef = D41E73042C7D8AC300097F90 /* SelectionView.swift */; };
		D41E73122C7EF9F400097F90 /* UIView+Ex.swift in Sources */ = {isa = PBXBuildFile; fileRef = D41E73112C7EF9F400097F90 /* UIView+Ex.swift */; };
		D41E73142C7F08E500097F90 /* OutlineField.swift in Sources */ = {isa = PBXBuildFile; fileRef = D41E73132C7F08E500097F90 /* OutlineField.swift */; };
		D41E73162C7F35DB00097F90 /* DateManager.swift in Sources */ = {isa = PBXBuildFile; fileRef = D41E73152C7F35DB00097F90 /* DateManager.swift */; };
		D41E731A2C7F8D5F00097F90 /* OutlineButton.swift in Sources */ = {isa = PBXBuildFile; fileRef = D41E73192C7F8D5F00097F90 /* OutlineButton.swift */; };
		D42FB9562C8BD55C002BA635 /* AccountNetworkManager.swift in Sources */ = {isa = PBXBuildFile; fileRef = D42FB9552C8BD55C002BA635 /* AccountNetworkManager.swift */; };
		D42FB9582C8BD571002BA635 /* PostNetworkManager.swift in Sources */ = {isa = PBXBuildFile; fileRef = D42FB9572C8BD571002BA635 /* PostNetworkManager.swift */; };
		D42FB95A2C8BD59E002BA635 /* CommentsNetworkManager.swift in Sources */ = {isa = PBXBuildFile; fileRef = D42FB9592C8BD59E002BA635 /* CommentsNetworkManager.swift */; };
		D42FB95C2C8BD5BC002BA635 /* LikeNetworkManager.swift in Sources */ = {isa = PBXBuildFile; fileRef = D42FB95B2C8BD5BC002BA635 /* LikeNetworkManager.swift */; };
		D42FB95E2C8BD5CB002BA635 /* ProfileNetworkManager.swift in Sources */ = {isa = PBXBuildFile; fileRef = D42FB95D2C8BD5CB002BA635 /* ProfileNetworkManager.swift */; };
		D42FB9612C8D24EC002BA635 /* PaymentManager.swift in Sources */ = {isa = PBXBuildFile; fileRef = D42FB9602C8D24EC002BA635 /* PaymentManager.swift */; };
		D42FB9632C8D259F002BA635 /* PaymentsBody.swift in Sources */ = {isa = PBXBuildFile; fileRef = D42FB9622C8D259F002BA635 /* PaymentsBody.swift */; };
		D42FB9652C8D2748002BA635 /* PaymentsResponse.swift in Sources */ = {isa = PBXBuildFile; fileRef = D42FB9642C8D2748002BA635 /* PaymentsResponse.swift */; };
		D42FB9682C8D2E24002BA635 /* iamport-ios in Frameworks */ = {isa = PBXBuildFile; productRef = D42FB9672C8D2E24002BA635 /* iamport-ios */; };
		D42FB96A2C8D64D8002BA635 /* PaymentsViewController.swift in Sources */ = {isa = PBXBuildFile; fileRef = D42FB9692C8D64D8002BA635 /* PaymentsViewController.swift */; };
		D43A68B52C8709CE00ACD6B9 /* TokenInterceptor.swift in Sources */ = {isa = PBXBuildFile; fileRef = D43A68B42C8709CE00ACD6B9 /* TokenInterceptor.swift */; };
		D445A17A2C849DA7003CEEBF /* WineSectionView.swift in Sources */ = {isa = PBXBuildFile; fileRef = D445A1792C849DA7003CEEBF /* WineSectionView.swift */; };
		D445A17C2C84A9D3003CEEBF /* PostSectionView.swift in Sources */ = {isa = PBXBuildFile; fileRef = D445A17B2C84A9D3003CEEBF /* PostSectionView.swift */; };
		D445A17E2C84BBA8003CEEBF /* MyWineRequestViewController.swift in Sources */ = {isa = PBXBuildFile; fileRef = D445A17D2C84BBA8003CEEBF /* MyWineRequestViewController.swift */; };
		D445A1822C84BBE9003CEEBF /* WineRequestCell.swift in Sources */ = {isa = PBXBuildFile; fileRef = D445A1812C84BBE9003CEEBF /* WineRequestCell.swift */; };
		D445A1A82C859852003CEEBF /* ThemeManager.swift in Sources */ = {isa = PBXBuildFile; fileRef = D445A1A72C859852003CEEBF /* ThemeManager.swift */; };
		D445A1AA2C859E29003CEEBF /* EditProfileViewController.swift in Sources */ = {isa = PBXBuildFile; fileRef = D445A1A92C859E29003CEEBF /* EditProfileViewController.swift */; };
		D445A1DC2C86C8CD003CEEBF /* CommentsSectionView.swift in Sources */ = {isa = PBXBuildFile; fileRef = D445A1DB2C86C8CD003CEEBF /* CommentsSectionView.swift */; };
		D45345852C80338A00BABF48 /* WineRequestViewController.swift in Sources */ = {isa = PBXBuildFile; fileRef = D45345842C80338A00BABF48 /* WineRequestViewController.swift */; };
		D45976652C80A74000077BC7 /* Database.swift in Sources */ = {isa = PBXBuildFile; fileRef = D45976642C80A74000077BC7 /* Database.swift */; };
		D45976672C81863600077BC7 /* WineRequestViewModel.swift in Sources */ = {isa = PBXBuildFile; fileRef = D45976662C81863600077BC7 /* WineRequestViewModel.swift */; };
		D45976702C82374300077BC7 /* AdminViewController.swift in Sources */ = {isa = PBXBuildFile; fileRef = D459766F2C82374300077BC7 /* AdminViewController.swift */; };
		D45976722C82B99700077BC7 /* WineSelectViewController.swift in Sources */ = {isa = PBXBuildFile; fileRef = D45976712C82B99700077BC7 /* WineSelectViewController.swift */; };
		D45976752C82BA0700077BC7 /* WineSelectViewModel.swift in Sources */ = {isa = PBXBuildFile; fileRef = D45976742C82BA0700077BC7 /* WineSelectViewModel.swift */; };
		D45976772C82BEAC00077BC7 /* WineInfoCollectionViewListCell.swift in Sources */ = {isa = PBXBuildFile; fileRef = D45976762C82BEAC00077BC7 /* WineInfoCollectionViewListCell.swift */; };
		D45976792C82C8D000077BC7 /* WineListManager.swift in Sources */ = {isa = PBXBuildFile; fileRef = D45976782C82C8D000077BC7 /* WineListManager.swift */; };
		D459767B2C832BFF00077BC7 /* OutlineNavigation.swift in Sources */ = {isa = PBXBuildFile; fileRef = D459767A2C832BFF00077BC7 /* OutlineNavigation.swift */; };
		D459767E2C833DF500077BC7 /* HashtagViewController.swift in Sources */ = {isa = PBXBuildFile; fileRef = D459767D2C833DF500077BC7 /* HashtagViewController.swift */; };
		D45976812C836BA200077BC7 /* TagListView in Frameworks */ = {isa = PBXBuildFile; productRef = D45976802C836BA200077BC7 /* TagListView */; };
		D45976832C8372AC00077BC7 /* CustomTagListView.swift in Sources */ = {isa = PBXBuildFile; fileRef = D45976822C8372AC00077BC7 /* CustomTagListView.swift */; };
		D45976852C8423A200077BC7 /* SegmentTest.swift in Sources */ = {isa = PBXBuildFile; fileRef = D45976842C8423A200077BC7 /* SegmentTest.swift */; };
		D45976872C8446D000077BC7 /* GPTTab.swift in Sources */ = {isa = PBXBuildFile; fileRef = D45976862C8446D000077BC7 /* GPTTab.swift */; };
		D462B0D52C7452D400AE86CE /* SettingsViewController.swift in Sources */ = {isa = PBXBuildFile; fileRef = D462B0D42C7452D400AE86CE /* SettingsViewController.swift */; };
		D462B0D72C7452EC00AE86CE /* SettingsViewModel.swift in Sources */ = {isa = PBXBuildFile; fileRef = D462B0D62C7452EC00AE86CE /* SettingsViewModel.swift */; };
		D462B0D92C747B1C00AE86CE /* TabItemsImage.swift in Sources */ = {isa = PBXBuildFile; fileRef = D462B0D82C747B1C00AE86CE /* TabItemsImage.swift */; };
		D462B0DC2C74AF7B00AE86CE /* Toast in Frameworks */ = {isa = PBXBuildFile; productRef = D462B0DB2C74AF7B00AE86CE /* Toast */; };
		D467D4212C6C7FFA000C3993 /* AppDelegate.swift in Sources */ = {isa = PBXBuildFile; fileRef = D467D4202C6C7FFA000C3993 /* AppDelegate.swift */; };
		D467D4232C6C7FFA000C3993 /* SceneDelegate.swift in Sources */ = {isa = PBXBuildFile; fileRef = D467D4222C6C7FFA000C3993 /* SceneDelegate.swift */; };
		D467D42A2C6C7FFB000C3993 /* Assets.xcassets in Resources */ = {isa = PBXBuildFile; fileRef = D467D4292C6C7FFB000C3993 /* Assets.xcassets */; };
		D467D4352C6C803E000C3993 /* .gitignore in Resources */ = {isa = PBXBuildFile; fileRef = D467D4342C6C803E000C3993 /* .gitignore */; };
		D467D4382C6C8070000C3993 /* APIKey.swift in Sources */ = {isa = PBXBuildFile; fileRef = D467D4372C6C8070000C3993 /* APIKey.swift */; };
		D467D43A2C6C85F4000C3993 /* AccountManager.swift in Sources */ = {isa = PBXBuildFile; fileRef = D467D4392C6C85F4000C3993 /* AccountManager.swift */; };
		D467D43F2C6C86B6000C3993 /* Alamofire in Frameworks */ = {isa = PBXBuildFile; productRef = D467D43E2C6C86B6000C3993 /* Alamofire */; };
		D467D4422C6C86CC000C3993 /* RxCocoa in Frameworks */ = {isa = PBXBuildFile; productRef = D467D4412C6C86CC000C3993 /* RxCocoa */; };
		D467D4442C6C86CC000C3993 /* RxSwift in Frameworks */ = {isa = PBXBuildFile; productRef = D467D4432C6C86CC000C3993 /* RxSwift */; };
		D467D4492C6C8738000C3993 /* TargetType.swift in Sources */ = {isa = PBXBuildFile; fileRef = D467D4482C6C8738000C3993 /* TargetType.swift */; };
		D467D44B2C6C8758000C3993 /* JoinBody.swift in Sources */ = {isa = PBXBuildFile; fileRef = D467D44A2C6C8758000C3993 /* JoinBody.swift */; };
		D467D44D2C6CB39C000C3993 /* JoinViewController.swift in Sources */ = {isa = PBXBuildFile; fileRef = D467D44C2C6CB39C000C3993 /* JoinViewController.swift */; };
		D467D44F2C6CD892000C3993 /* LoginViewController.swift in Sources */ = {isa = PBXBuildFile; fileRef = D467D44E2C6CD892000C3993 /* LoginViewController.swift */; };
		D467D4512C6CD94C000C3993 /* PostDetailViewController.swift in Sources */ = {isa = PBXBuildFile; fileRef = D467D4502C6CD94C000C3993 /* PostDetailViewController.swift */; };
		D467D4532C6CD98C000C3993 /* MainPostViewController.swift in Sources */ = {isa = PBXBuildFile; fileRef = D467D4522C6CD98C000C3993 /* MainPostViewController.swift */; };
		D467D4552C6CDDAD000C3993 /* Router.swift in Sources */ = {isa = PBXBuildFile; fileRef = D467D4542C6CDDAD000C3993 /* Router.swift */; };
		D467D4582C6CE03A000C3993 /* EmailDuplicationCheckBody.swift in Sources */ = {isa = PBXBuildFile; fileRef = D467D4572C6CE03A000C3993 /* EmailDuplicationCheckBody.swift */; };
		D467D45A2C6CE188000C3993 /* LoginBody.swift in Sources */ = {isa = PBXBuildFile; fileRef = D467D4592C6CE188000C3993 /* LoginBody.swift */; };
		D467D45C2C6CE3FA000C3993 /* PostImageBody.swift in Sources */ = {isa = PBXBuildFile; fileRef = D467D45B2C6CE3FA000C3993 /* PostImageBody.swift */; };
		D467D45E2C6CE840000C3993 /* PostBody.swift in Sources */ = {isa = PBXBuildFile; fileRef = D467D45D2C6CE840000C3993 /* PostBody.swift */; };
		D467D4602C6CE99C000C3993 /* CommentBody.swift in Sources */ = {isa = PBXBuildFile; fileRef = D467D45F2C6CE99C000C3993 /* CommentBody.swift */; };
		D4E3C7182C764C8E00131DA5 /* SearchUserQuery.swift in Sources */ = {isa = PBXBuildFile; fileRef = D4E3C7172C764C8E00131DA5 /* SearchUserQuery.swift */; };
		D4E3C71A2C764E1B00131DA5 /* SearchUsersResponse.swift in Sources */ = {isa = PBXBuildFile; fileRef = D4E3C7192C764E1B00131DA5 /* SearchUsersResponse.swift */; };
		D4E3C71C2C76C24C00131DA5 /* NicknameDuplicationCheckBody.swift in Sources */ = {isa = PBXBuildFile; fileRef = D4E3C71B2C76C24C00131DA5 /* NicknameDuplicationCheckBody.swift */; };
		D4E3C7422C76FA9000131DA5 /* CommentCollectionViewCell.swift in Sources */ = {isa = PBXBuildFile; fileRef = D4E3C7412C76FA9000131DA5 /* CommentCollectionViewCell.swift */; };
		D4E3C7442C7844CB00131DA5 /* ButtonImages.swift in Sources */ = {isa = PBXBuildFile; fileRef = D4E3C7432C7844CB00131DA5 /* ButtonImages.swift */; };
		D4E3C7462C784F9B00131DA5 /* EmptyView.swift in Sources */ = {isa = PBXBuildFile; fileRef = D4E3C7452C784F9B00131DA5 /* EmptyView.swift */; };
		D4E3C7482C78544900131DA5 /* ProfileAndNicknameView.swift in Sources */ = {isa = PBXBuildFile; fileRef = D4E3C7472C78544900131DA5 /* ProfileAndNicknameView.swift */; };
		D4E3C74B2C7859D100131DA5 /* Kingfisher in Frameworks */ = {isa = PBXBuildFile; productRef = D4E3C74A2C7859D100131DA5 /* Kingfisher */; };
		D4E3C74F2C79763E00131DA5 /* NewPostImageCell.swift in Sources */ = {isa = PBXBuildFile; fileRef = D4E3C74E2C79763E00131DA5 /* NewPostImageCell.swift */; };
		D4E3C7532C79F03900131DA5 /* GalleryButtonView.swift in Sources */ = {isa = PBXBuildFile; fileRef = D4E3C7522C79F03900131DA5 /* GalleryButtonView.swift */; };
		D4E3C7562C79F0CB00131DA5 /* DesignSize.swift in Sources */ = {isa = PBXBuildFile; fileRef = D4E3C7552C79F0CB00131DA5 /* DesignSize.swift */; };
		D4E3C7582C79F65100131DA5 /* GalleryButtonCell.swift in Sources */ = {isa = PBXBuildFile; fileRef = D4E3C7572C79F65100131DA5 /* GalleryButtonCell.swift */; };
		D4E3C75A2C7ADA3000131DA5 /* PostImageCollectionViewCell.swift in Sources */ = {isa = PBXBuildFile; fileRef = D4E3C7592C7ADA3000131DA5 /* PostImageCollectionViewCell.swift */; };
		D4E3C75C2C7B22C000131DA5 /* UIImageView+Ex.swift in Sources */ = {isa = PBXBuildFile; fileRef = D4E3C75B2C7B22C000131DA5 /* UIImageView+Ex.swift */; };
		D4E3C75E2C7B650A00131DA5 /* BasicImageView.swift in Sources */ = {isa = PBXBuildFile; fileRef = D4E3C75D2C7B650A00131DA5 /* BasicImageView.swift */; };
		D4E3C7622C7B8B0300131DA5 /* SearchViewController.swift in Sources */ = {isa = PBXBuildFile; fileRef = D4E3C7612C7B8B0300131DA5 /* SearchViewController.swift */; };
		D4E3C76A2C7C59FE00131DA5 /* LaunchScreen.swift in Sources */ = {isa = PBXBuildFile; fileRef = D4E3C7692C7C59FE00131DA5 /* LaunchScreen.swift */; };
/* End PBXBuildFile section */

/* Begin PBXFileReference section */
		D404A4E12C6D84FC005C3C6E /* LikeBody.swift */ = {isa = PBXFileReference; lastKnownFileType = sourcecode.swift; path = LikeBody.swift; sourceTree = "<group>"; };
		D404A4E32C6D862E005C3C6E /* ProfileBody.swift */ = {isa = PBXFileReference; lastKnownFileType = sourcecode.swift; path = ProfileBody.swift; sourceTree = "<group>"; };
		D404A4E62C6DA0EC005C3C6E /* JoinResponse.swift */ = {isa = PBXFileReference; lastKnownFileType = sourcecode.swift; path = JoinResponse.swift; sourceTree = "<group>"; };
		D404A4E82C6DA90B005C3C6E /* EmailDuplicateCheckResponse.swift */ = {isa = PBXFileReference; lastKnownFileType = sourcecode.swift; path = EmailDuplicateCheckResponse.swift; sourceTree = "<group>"; };
		D404A4EA2C6DA97B005C3C6E /* LoginResponse.swift */ = {isa = PBXFileReference; lastKnownFileType = sourcecode.swift; path = LoginResponse.swift; sourceTree = "<group>"; };
		D404A4EC2C6DA9A0005C3C6E /* RefreshResponse.swift */ = {isa = PBXFileReference; lastKnownFileType = sourcecode.swift; path = RefreshResponse.swift; sourceTree = "<group>"; };
		D404A4EE2C6DA9D9005C3C6E /* WithdrawResponse.swift */ = {isa = PBXFileReference; lastKnownFileType = sourcecode.swift; path = WithdrawResponse.swift; sourceTree = "<group>"; };
		D404A4F02C6DB762005C3C6E /* PostImageResponse.swift */ = {isa = PBXFileReference; lastKnownFileType = sourcecode.swift; path = PostImageResponse.swift; sourceTree = "<group>"; };
		D404A4F22C6DB78D005C3C6E /* Post.swift */ = {isa = PBXFileReference; lastKnownFileType = sourcecode.swift; path = Post.swift; sourceTree = "<group>"; };
		D404A4F42C6DBAAB005C3C6E /* GetAllPostsResponse.swift */ = {isa = PBXFileReference; lastKnownFileType = sourcecode.swift; path = GetAllPostsResponse.swift; sourceTree = "<group>"; };
		D404A4F62C6DC422005C3C6E /* GetSomePostResponse.swift */ = {isa = PBXFileReference; lastKnownFileType = sourcecode.swift; path = GetSomePostResponse.swift; sourceTree = "<group>"; };
		D404A4F82C6DFB99005C3C6E /* EditPostResponse.swift */ = {isa = PBXFileReference; lastKnownFileType = sourcecode.swift; path = EditPostResponse.swift; sourceTree = "<group>"; };
		D404A4FA2C6DFC2C005C3C6E /* GetUserPostResponse.swift */ = {isa = PBXFileReference; lastKnownFileType = sourcecode.swift; path = GetUserPostResponse.swift; sourceTree = "<group>"; };
		D404A4FC2C6DFCD9005C3C6E /* WriteCommentResponse.swift */ = {isa = PBXFileReference; lastKnownFileType = sourcecode.swift; path = WriteCommentResponse.swift; sourceTree = "<group>"; };
		D404A4FE2C6DFDA8005C3C6E /* EditCommentResponse.swift */ = {isa = PBXFileReference; lastKnownFileType = sourcecode.swift; path = EditCommentResponse.swift; sourceTree = "<group>"; };
		D404A5002C6DFE0C005C3C6E /* LikeResponse.swift */ = {isa = PBXFileReference; lastKnownFileType = sourcecode.swift; path = LikeResponse.swift; sourceTree = "<group>"; };
		D404A5022C6DFE5F005C3C6E /* LikePostResponse.swift */ = {isa = PBXFileReference; lastKnownFileType = sourcecode.swift; path = LikePostResponse.swift; sourceTree = "<group>"; };
		D404A5042C6E0019005C3C6E /* FollowResponse.swift */ = {isa = PBXFileReference; lastKnownFileType = sourcecode.swift; path = FollowResponse.swift; sourceTree = "<group>"; };
		D404A5062C6E2BB6005C3C6E /* GetMyProfileResponse.swift */ = {isa = PBXFileReference; lastKnownFileType = sourcecode.swift; path = GetMyProfileResponse.swift; sourceTree = "<group>"; };
		D404A5082C6E2CA8005C3C6E /* EditMyProfileResponse.swift */ = {isa = PBXFileReference; lastKnownFileType = sourcecode.swift; path = EditMyProfileResponse.swift; sourceTree = "<group>"; };
		D404A50A2C6E2D51005C3C6E /* GetOthersProfileResponse.swift */ = {isa = PBXFileReference; lastKnownFileType = sourcecode.swift; path = GetOthersProfileResponse.swift; sourceTree = "<group>"; };
		D404A50C2C6E2DE9005C3C6E /* HashtagResponse.swift */ = {isa = PBXFileReference; lastKnownFileType = sourcecode.swift; path = HashtagResponse.swift; sourceTree = "<group>"; };
		D404A50E2C6E302E005C3C6E /* SearchNetworkManager.swift */ = {isa = PBXFileReference; lastKnownFileType = sourcecode.swift; path = SearchNetworkManager.swift; sourceTree = "<group>"; };
		D404A51C2C6E4F2D005C3C6E /* JoinViewModel.swift */ = {isa = PBXFileReference; lastKnownFileType = sourcecode.swift; path = JoinViewModel.swift; sourceTree = "<group>"; };
		D404A5202C6F28A5005C3C6E /* TestViewController.swift */ = {isa = PBXFileReference; lastKnownFileType = sourcecode.swift; path = TestViewController.swift; sourceTree = "<group>"; };
		D404A5262C6F7D10005C3C6E /* GetAllPostQuery.swift */ = {isa = PBXFileReference; lastKnownFileType = sourcecode.swift; path = GetAllPostQuery.swift; sourceTree = "<group>"; };
		D404A5282C6F7DAD005C3C6E /* GetLikePostQuery.swift */ = {isa = PBXFileReference; lastKnownFileType = sourcecode.swift; path = GetLikePostQuery.swift; sourceTree = "<group>"; };
		D404A52A2C6F7E05005C3C6E /* HashQuery.swift */ = {isa = PBXFileReference; lastKnownFileType = sourcecode.swift; path = HashQuery.swift; sourceTree = "<group>"; };
		D404A52E2C6F9435005C3C6E /* ErrorResponse.swift */ = {isa = PBXFileReference; lastKnownFileType = sourcecode.swift; path = ErrorResponse.swift; sourceTree = "<group>"; };
		D404A5342C7085E0005C3C6E /* BaseViewController.swift */ = {isa = PBXFileReference; lastKnownFileType = sourcecode.swift; path = BaseViewController.swift; sourceTree = "<group>"; };
		D404A5362C708686005C3C6E /* ViewController+Ex.swift */ = {isa = PBXFileReference; lastKnownFileType = sourcecode.swift; path = "ViewController+Ex.swift"; sourceTree = "<group>"; };
		D404A5382C70871B005C3C6E /* LoginViewModel.swift */ = {isa = PBXFileReference; lastKnownFileType = sourcecode.swift; path = LoginViewModel.swift; sourceTree = "<group>"; };
		D404A53D2C70889E005C3C6E /* MainPostViewModel.swift */ = {isa = PBXFileReference; lastKnownFileType = sourcecode.swift; path = MainPostViewModel.swift; sourceTree = "<group>"; };
		D404A53F2C7088B4005C3C6E /* DetailViewModel.swift */ = {isa = PBXFileReference; lastKnownFileType = sourcecode.swift; path = DetailViewModel.swift; sourceTree = "<group>"; };
		D404A5412C70E1A1005C3C6E /* PostTableViewCell.swift */ = {isa = PBXFileReference; lastKnownFileType = sourcecode.swift; path = PostTableViewCell.swift; sourceTree = "<group>"; };
		D404A5432C71B44A005C3C6E /* ProfileViewController.swift */ = {isa = PBXFileReference; lastKnownFileType = sourcecode.swift; path = ProfileViewController.swift; sourceTree = "<group>"; };
		D404A5452C71B5BC005C3C6E /* CommentsViewController.swift */ = {isa = PBXFileReference; lastKnownFileType = sourcecode.swift; path = CommentsViewController.swift; sourceTree = "<group>"; };
		D404A5472C71B62F005C3C6E /* CommentTableViewCell.swift */ = {isa = PBXFileReference; lastKnownFileType = sourcecode.swift; path = CommentTableViewCell.swift; sourceTree = "<group>"; };
		D404A5492C71B7DE005C3C6E /* NSObject+Ex.swift */ = {isa = PBXFileReference; lastKnownFileType = sourcecode.swift; path = "NSObject+Ex.swift"; sourceTree = "<group>"; };
		D404A54B2C71BAD0005C3C6E /* CommentTextFieldView.swift */ = {isa = PBXFileReference; lastKnownFileType = sourcecode.swift; path = CommentTextFieldView.swift; sourceTree = "<group>"; };
		D404A54E2C7204B6005C3C6E /* NewPostViewController.swift */ = {isa = PBXFileReference; lastKnownFileType = sourcecode.swift; path = NewPostViewController.swift; sourceTree = "<group>"; };
		D404A5502C720AB6005C3C6E /* CountAndLabelView.swift */ = {isa = PBXFileReference; lastKnownFileType = sourcecode.swift; path = CountAndLabelView.swift; sourceTree = "<group>"; };
		D404A5532C720D38005C3C6E /* FollowsViewController.swift */ = {isa = PBXFileReference; lastKnownFileType = sourcecode.swift; path = FollowsViewController.swift; sourceTree = "<group>"; };
		D404A5552C720E95005C3C6E /* FollowsTableViewCell.swift */ = {isa = PBXFileReference; lastKnownFileType = sourcecode.swift; path = FollowsTableViewCell.swift; sourceTree = "<group>"; };
		D404A5572C721063005C3C6E /* FollowsViewModel.swift */ = {isa = PBXFileReference; lastKnownFileType = sourcecode.swift; path = FollowsViewModel.swift; sourceTree = "<group>"; };
		D404A5592C721108005C3C6E /* FollowsListView.swift */ = {isa = PBXFileReference; lastKnownFileType = sourcecode.swift; path = FollowsListView.swift; sourceTree = "<group>"; };
		D404A55B2C721230005C3C6E /* NewPostViewModel.swift */ = {isa = PBXFileReference; lastKnownFileType = sourcecode.swift; path = NewPostViewModel.swift; sourceTree = "<group>"; };
		D404A55E2C721364005C3C6E /* WineTabController.swift */ = {isa = PBXFileReference; lastKnownFileType = sourcecode.swift; path = WineTabController.swift; sourceTree = "<group>"; };
		D404A5602C721387005C3C6E /* CommentsViewModel.swift */ = {isa = PBXFileReference; lastKnownFileType = sourcecode.swift; path = CommentsViewModel.swift; sourceTree = "<group>"; };
		D404A5622C721455005C3C6E /* ProfileViewModel.swift */ = {isa = PBXFileReference; lastKnownFileType = sourcecode.swift; path = ProfileViewModel.swift; sourceTree = "<group>"; };
		D41E73042C7D8AC300097F90 /* SelectionView.swift */ = {isa = PBXFileReference; lastKnownFileType = sourcecode.swift; path = SelectionView.swift; sourceTree = "<group>"; };
		D41E73112C7EF9F400097F90 /* UIView+Ex.swift */ = {isa = PBXFileReference; lastKnownFileType = sourcecode.swift; path = "UIView+Ex.swift"; sourceTree = "<group>"; };
		D41E73132C7F08E500097F90 /* OutlineField.swift */ = {isa = PBXFileReference; lastKnownFileType = sourcecode.swift; path = OutlineField.swift; sourceTree = "<group>"; };
		D41E73152C7F35DB00097F90 /* DateManager.swift */ = {isa = PBXFileReference; lastKnownFileType = sourcecode.swift; path = DateManager.swift; sourceTree = "<group>"; };
		D41E73192C7F8D5F00097F90 /* OutlineButton.swift */ = {isa = PBXFileReference; lastKnownFileType = sourcecode.swift; path = OutlineButton.swift; sourceTree = "<group>"; };
		D42FB9552C8BD55C002BA635 /* AccountNetworkManager.swift */ = {isa = PBXFileReference; lastKnownFileType = sourcecode.swift; path = AccountNetworkManager.swift; sourceTree = "<group>"; };
		D42FB9572C8BD571002BA635 /* PostNetworkManager.swift */ = {isa = PBXFileReference; lastKnownFileType = sourcecode.swift; path = PostNetworkManager.swift; sourceTree = "<group>"; };
		D42FB9592C8BD59E002BA635 /* CommentsNetworkManager.swift */ = {isa = PBXFileReference; lastKnownFileType = sourcecode.swift; path = CommentsNetworkManager.swift; sourceTree = "<group>"; };
		D42FB95B2C8BD5BC002BA635 /* LikeNetworkManager.swift */ = {isa = PBXFileReference; lastKnownFileType = sourcecode.swift; path = LikeNetworkManager.swift; sourceTree = "<group>"; };
		D42FB95D2C8BD5CB002BA635 /* ProfileNetworkManager.swift */ = {isa = PBXFileReference; lastKnownFileType = sourcecode.swift; path = ProfileNetworkManager.swift; sourceTree = "<group>"; };
		D42FB9602C8D24EC002BA635 /* PaymentManager.swift */ = {isa = PBXFileReference; lastKnownFileType = sourcecode.swift; path = PaymentManager.swift; sourceTree = "<group>"; };
		D42FB9622C8D259F002BA635 /* PaymentsBody.swift */ = {isa = PBXFileReference; lastKnownFileType = sourcecode.swift; path = PaymentsBody.swift; sourceTree = "<group>"; };
		D42FB9642C8D2748002BA635 /* PaymentsResponse.swift */ = {isa = PBXFileReference; lastKnownFileType = sourcecode.swift; path = PaymentsResponse.swift; sourceTree = "<group>"; };
		D42FB9692C8D64D8002BA635 /* PaymentsViewController.swift */ = {isa = PBXFileReference; lastKnownFileType = sourcecode.swift; path = PaymentsViewController.swift; sourceTree = "<group>"; };
		D43A68B42C8709CE00ACD6B9 /* TokenInterceptor.swift */ = {isa = PBXFileReference; lastKnownFileType = sourcecode.swift; path = TokenInterceptor.swift; sourceTree = "<group>"; };
		D445A1792C849DA7003CEEBF /* WineSectionView.swift */ = {isa = PBXFileReference; lastKnownFileType = sourcecode.swift; path = WineSectionView.swift; sourceTree = "<group>"; };
		D445A17B2C84A9D3003CEEBF /* PostSectionView.swift */ = {isa = PBXFileReference; lastKnownFileType = sourcecode.swift; path = PostSectionView.swift; sourceTree = "<group>"; };
		D445A17D2C84BBA8003CEEBF /* MyWineRequestViewController.swift */ = {isa = PBXFileReference; lastKnownFileType = sourcecode.swift; path = MyWineRequestViewController.swift; sourceTree = "<group>"; };
		D445A1812C84BBE9003CEEBF /* WineRequestCell.swift */ = {isa = PBXFileReference; lastKnownFileType = sourcecode.swift; path = WineRequestCell.swift; sourceTree = "<group>"; };
		D445A1A72C859852003CEEBF /* ThemeManager.swift */ = {isa = PBXFileReference; lastKnownFileType = sourcecode.swift; path = ThemeManager.swift; sourceTree = "<group>"; };
		D445A1A92C859E29003CEEBF /* EditProfileViewController.swift */ = {isa = PBXFileReference; lastKnownFileType = sourcecode.swift; path = EditProfileViewController.swift; sourceTree = "<group>"; };
		D445A1DB2C86C8CD003CEEBF /* CommentsSectionView.swift */ = {isa = PBXFileReference; lastKnownFileType = sourcecode.swift; path = CommentsSectionView.swift; sourceTree = "<group>"; };
		D45345842C80338A00BABF48 /* WineRequestViewController.swift */ = {isa = PBXFileReference; lastKnownFileType = sourcecode.swift; path = WineRequestViewController.swift; sourceTree = "<group>"; };
		D45976642C80A74000077BC7 /* Database.swift */ = {isa = PBXFileReference; lastKnownFileType = sourcecode.swift; path = Database.swift; sourceTree = "<group>"; };
		D45976662C81863600077BC7 /* WineRequestViewModel.swift */ = {isa = PBXFileReference; lastKnownFileType = sourcecode.swift; path = WineRequestViewModel.swift; sourceTree = "<group>"; };
		D459766F2C82374300077BC7 /* AdminViewController.swift */ = {isa = PBXFileReference; lastKnownFileType = sourcecode.swift; path = AdminViewController.swift; sourceTree = "<group>"; };
		D45976712C82B99700077BC7 /* WineSelectViewController.swift */ = {isa = PBXFileReference; lastKnownFileType = sourcecode.swift; path = WineSelectViewController.swift; sourceTree = "<group>"; };
		D45976742C82BA0700077BC7 /* WineSelectViewModel.swift */ = {isa = PBXFileReference; lastKnownFileType = sourcecode.swift; path = WineSelectViewModel.swift; sourceTree = "<group>"; };
		D45976762C82BEAC00077BC7 /* WineInfoCollectionViewListCell.swift */ = {isa = PBXFileReference; lastKnownFileType = sourcecode.swift; path = WineInfoCollectionViewListCell.swift; sourceTree = "<group>"; };
		D45976782C82C8D000077BC7 /* WineListManager.swift */ = {isa = PBXFileReference; lastKnownFileType = sourcecode.swift; path = WineListManager.swift; sourceTree = "<group>"; };
		D459767A2C832BFF00077BC7 /* OutlineNavigation.swift */ = {isa = PBXFileReference; lastKnownFileType = sourcecode.swift; path = OutlineNavigation.swift; sourceTree = "<group>"; };
		D459767D2C833DF500077BC7 /* HashtagViewController.swift */ = {isa = PBXFileReference; lastKnownFileType = sourcecode.swift; path = HashtagViewController.swift; sourceTree = "<group>"; };
		D45976822C8372AC00077BC7 /* CustomTagListView.swift */ = {isa = PBXFileReference; lastKnownFileType = sourcecode.swift; path = CustomTagListView.swift; sourceTree = "<group>"; };
		D45976842C8423A200077BC7 /* SegmentTest.swift */ = {isa = PBXFileReference; lastKnownFileType = sourcecode.swift; path = SegmentTest.swift; sourceTree = "<group>"; };
		D45976862C8446D000077BC7 /* GPTTab.swift */ = {isa = PBXFileReference; lastKnownFileType = sourcecode.swift; path = GPTTab.swift; sourceTree = "<group>"; };
		D462B0D42C7452D400AE86CE /* SettingsViewController.swift */ = {isa = PBXFileReference; lastKnownFileType = sourcecode.swift; path = SettingsViewController.swift; sourceTree = "<group>"; };
		D462B0D62C7452EC00AE86CE /* SettingsViewModel.swift */ = {isa = PBXFileReference; lastKnownFileType = sourcecode.swift; path = SettingsViewModel.swift; sourceTree = "<group>"; };
		D462B0D82C747B1C00AE86CE /* TabItemsImage.swift */ = {isa = PBXFileReference; lastKnownFileType = sourcecode.swift; path = TabItemsImage.swift; sourceTree = "<group>"; };
		D467D41D2C6C7FFA000C3993 /* WNS.app */ = {isa = PBXFileReference; explicitFileType = wrapper.application; includeInIndex = 0; path = WNS.app; sourceTree = BUILT_PRODUCTS_DIR; };
		D467D4202C6C7FFA000C3993 /* AppDelegate.swift */ = {isa = PBXFileReference; lastKnownFileType = sourcecode.swift; path = AppDelegate.swift; sourceTree = "<group>"; };
		D467D4222C6C7FFA000C3993 /* SceneDelegate.swift */ = {isa = PBXFileReference; lastKnownFileType = sourcecode.swift; path = SceneDelegate.swift; sourceTree = "<group>"; };
		D467D4292C6C7FFB000C3993 /* Assets.xcassets */ = {isa = PBXFileReference; lastKnownFileType = folder.assetcatalog; path = Assets.xcassets; sourceTree = "<group>"; };
		D467D42E2C6C7FFC000C3993 /* Info.plist */ = {isa = PBXFileReference; lastKnownFileType = text.plist.xml; path = Info.plist; sourceTree = "<group>"; };
		D467D4342C6C803E000C3993 /* .gitignore */ = {isa = PBXFileReference; lastKnownFileType = text; path = .gitignore; sourceTree = "<group>"; };
		D467D4372C6C8070000C3993 /* APIKey.swift */ = {isa = PBXFileReference; lastKnownFileType = sourcecode.swift; path = APIKey.swift; sourceTree = "<group>"; };
		D467D4392C6C85F4000C3993 /* AccountManager.swift */ = {isa = PBXFileReference; lastKnownFileType = sourcecode.swift; path = AccountManager.swift; sourceTree = "<group>"; };
		D467D4482C6C8738000C3993 /* TargetType.swift */ = {isa = PBXFileReference; lastKnownFileType = sourcecode.swift; path = TargetType.swift; sourceTree = "<group>"; };
		D467D44A2C6C8758000C3993 /* JoinBody.swift */ = {isa = PBXFileReference; lastKnownFileType = sourcecode.swift; path = JoinBody.swift; sourceTree = "<group>"; };
		D467D44C2C6CB39C000C3993 /* JoinViewController.swift */ = {isa = PBXFileReference; lastKnownFileType = sourcecode.swift; path = JoinViewController.swift; sourceTree = "<group>"; };
		D467D44E2C6CD892000C3993 /* LoginViewController.swift */ = {isa = PBXFileReference; lastKnownFileType = sourcecode.swift; path = LoginViewController.swift; sourceTree = "<group>"; };
		D467D4502C6CD94C000C3993 /* PostDetailViewController.swift */ = {isa = PBXFileReference; lastKnownFileType = sourcecode.swift; path = PostDetailViewController.swift; sourceTree = "<group>"; };
		D467D4522C6CD98C000C3993 /* MainPostViewController.swift */ = {isa = PBXFileReference; lastKnownFileType = sourcecode.swift; path = MainPostViewController.swift; sourceTree = "<group>"; };
		D467D4542C6CDDAD000C3993 /* Router.swift */ = {isa = PBXFileReference; lastKnownFileType = sourcecode.swift; path = Router.swift; sourceTree = "<group>"; };
		D467D4572C6CE03A000C3993 /* EmailDuplicationCheckBody.swift */ = {isa = PBXFileReference; lastKnownFileType = sourcecode.swift; path = EmailDuplicationCheckBody.swift; sourceTree = "<group>"; };
		D467D4592C6CE188000C3993 /* LoginBody.swift */ = {isa = PBXFileReference; lastKnownFileType = sourcecode.swift; path = LoginBody.swift; sourceTree = "<group>"; };
		D467D45B2C6CE3FA000C3993 /* PostImageBody.swift */ = {isa = PBXFileReference; lastKnownFileType = sourcecode.swift; path = PostImageBody.swift; sourceTree = "<group>"; };
		D467D45D2C6CE840000C3993 /* PostBody.swift */ = {isa = PBXFileReference; lastKnownFileType = sourcecode.swift; path = PostBody.swift; sourceTree = "<group>"; };
		D467D45F2C6CE99C000C3993 /* CommentBody.swift */ = {isa = PBXFileReference; lastKnownFileType = sourcecode.swift; path = CommentBody.swift; sourceTree = "<group>"; };
		D4E3C7172C764C8E00131DA5 /* SearchUserQuery.swift */ = {isa = PBXFileReference; lastKnownFileType = sourcecode.swift; path = SearchUserQuery.swift; sourceTree = "<group>"; };
		D4E3C7192C764E1B00131DA5 /* SearchUsersResponse.swift */ = {isa = PBXFileReference; lastKnownFileType = sourcecode.swift; path = SearchUsersResponse.swift; sourceTree = "<group>"; };
		D4E3C71B2C76C24C00131DA5 /* NicknameDuplicationCheckBody.swift */ = {isa = PBXFileReference; lastKnownFileType = sourcecode.swift; path = NicknameDuplicationCheckBody.swift; sourceTree = "<group>"; };
		D4E3C7412C76FA9000131DA5 /* CommentCollectionViewCell.swift */ = {isa = PBXFileReference; lastKnownFileType = sourcecode.swift; path = CommentCollectionViewCell.swift; sourceTree = "<group>"; };
		D4E3C7432C7844CB00131DA5 /* ButtonImages.swift */ = {isa = PBXFileReference; lastKnownFileType = sourcecode.swift; path = ButtonImages.swift; sourceTree = "<group>"; };
		D4E3C7452C784F9B00131DA5 /* EmptyView.swift */ = {isa = PBXFileReference; lastKnownFileType = sourcecode.swift; path = EmptyView.swift; sourceTree = "<group>"; };
		D4E3C7472C78544900131DA5 /* ProfileAndNicknameView.swift */ = {isa = PBXFileReference; lastKnownFileType = sourcecode.swift; path = ProfileAndNicknameView.swift; sourceTree = "<group>"; };
		D4E3C74E2C79763E00131DA5 /* NewPostImageCell.swift */ = {isa = PBXFileReference; lastKnownFileType = sourcecode.swift; path = NewPostImageCell.swift; sourceTree = "<group>"; };
		D4E3C7522C79F03900131DA5 /* GalleryButtonView.swift */ = {isa = PBXFileReference; lastKnownFileType = sourcecode.swift; path = GalleryButtonView.swift; sourceTree = "<group>"; };
		D4E3C7552C79F0CB00131DA5 /* DesignSize.swift */ = {isa = PBXFileReference; lastKnownFileType = sourcecode.swift; path = DesignSize.swift; sourceTree = "<group>"; };
		D4E3C7572C79F65100131DA5 /* GalleryButtonCell.swift */ = {isa = PBXFileReference; lastKnownFileType = sourcecode.swift; path = GalleryButtonCell.swift; sourceTree = "<group>"; };
		D4E3C7592C7ADA3000131DA5 /* PostImageCollectionViewCell.swift */ = {isa = PBXFileReference; lastKnownFileType = sourcecode.swift; path = PostImageCollectionViewCell.swift; sourceTree = "<group>"; };
		D4E3C75B2C7B22C000131DA5 /* UIImageView+Ex.swift */ = {isa = PBXFileReference; lastKnownFileType = sourcecode.swift; path = "UIImageView+Ex.swift"; sourceTree = "<group>"; };
		D4E3C75D2C7B650A00131DA5 /* BasicImageView.swift */ = {isa = PBXFileReference; lastKnownFileType = sourcecode.swift; path = BasicImageView.swift; sourceTree = "<group>"; };
		D4E3C7612C7B8B0300131DA5 /* SearchViewController.swift */ = {isa = PBXFileReference; lastKnownFileType = sourcecode.swift; path = SearchViewController.swift; sourceTree = "<group>"; };
		D4E3C7692C7C59FE00131DA5 /* LaunchScreen.swift */ = {isa = PBXFileReference; lastKnownFileType = sourcecode.swift; path = LaunchScreen.swift; sourceTree = "<group>"; };
/* End PBXFileReference section */

/* Begin PBXFrameworksBuildPhase section */
		D467D41A2C6C7FFA000C3993 /* Frameworks */ = {
			isa = PBXFrameworksBuildPhase;
			buildActionMask = 2147483647;
			files = (
				D42FB9682C8D2E24002BA635 /* iamport-ios in Frameworks */,
				D467D4442C6C86CC000C3993 /* RxSwift in Frameworks */,
				D467D4422C6C86CC000C3993 /* RxCocoa in Frameworks */,
				D467D43F2C6C86B6000C3993 /* Alamofire in Frameworks */,
				D404A5122C6E4EC8005C3C6E /* SnapKit in Frameworks */,
				D4E3C74B2C7859D100131DA5 /* Kingfisher in Frameworks */,
				D462B0DC2C74AF7B00AE86CE /* Toast in Frameworks */,
				D404A53C2C7087B8005C3C6E /* IQKeyboardManagerSwift in Frameworks */,
				D45976812C836BA200077BC7 /* TagListView in Frameworks */,
			);
			runOnlyForDeploymentPostprocessing = 0;
		};
/* End PBXFrameworksBuildPhase section */

/* Begin PBXGroup section */
		D404A4E52C6DA0D6005C3C6E /* Response */ = {
			isa = PBXGroup;
			children = (
				D404A4E62C6DA0EC005C3C6E /* JoinResponse.swift */,
				D404A4E82C6DA90B005C3C6E /* EmailDuplicateCheckResponse.swift */,
				D404A4EA2C6DA97B005C3C6E /* LoginResponse.swift */,
				D404A4EC2C6DA9A0005C3C6E /* RefreshResponse.swift */,
				D404A4EE2C6DA9D9005C3C6E /* WithdrawResponse.swift */,
				D404A4F02C6DB762005C3C6E /* PostImageResponse.swift */,
				D404A4F22C6DB78D005C3C6E /* Post.swift */,
				D404A4F42C6DBAAB005C3C6E /* GetAllPostsResponse.swift */,
				D404A4F62C6DC422005C3C6E /* GetSomePostResponse.swift */,
				D404A4F82C6DFB99005C3C6E /* EditPostResponse.swift */,
				D404A4FA2C6DFC2C005C3C6E /* GetUserPostResponse.swift */,
				D404A4FC2C6DFCD9005C3C6E /* WriteCommentResponse.swift */,
				D404A4FE2C6DFDA8005C3C6E /* EditCommentResponse.swift */,
				D404A5002C6DFE0C005C3C6E /* LikeResponse.swift */,
				D404A5022C6DFE5F005C3C6E /* LikePostResponse.swift */,
				D404A5042C6E0019005C3C6E /* FollowResponse.swift */,
				D404A5062C6E2BB6005C3C6E /* GetMyProfileResponse.swift */,
				D404A5082C6E2CA8005C3C6E /* EditMyProfileResponse.swift */,
				D404A50A2C6E2D51005C3C6E /* GetOthersProfileResponse.swift */,
				D4E3C7192C764E1B00131DA5 /* SearchUsersResponse.swift */,
				D404A50C2C6E2DE9005C3C6E /* HashtagResponse.swift */,
				D404A52E2C6F9435005C3C6E /* ErrorResponse.swift */,
				D42FB9642C8D2748002BA635 /* PaymentsResponse.swift */,
			);
			path = Response;
			sourceTree = "<group>";
		};
		D404A5132C6E4F09005C3C6E /* Comments */ = {
			isa = PBXGroup;
			children = (
				D404A5452C71B5BC005C3C6E /* CommentsViewController.swift */,
				D404A5602C721387005C3C6E /* CommentsViewModel.swift */,
				D404A5472C71B62F005C3C6E /* CommentTableViewCell.swift */,
				D4E3C7412C76FA9000131DA5 /* CommentCollectionViewCell.swift */,
				D404A54B2C71BAD0005C3C6E /* CommentTextFieldView.swift */,
			);
			path = Comments;
			sourceTree = "<group>";
		};
		D404A5142C6E4F0B005C3C6E /* CustomView */ = {
			isa = PBXGroup;
			children = (
				D41E73152C7F35DB00097F90 /* DateManager.swift */,
				D4E3C7452C784F9B00131DA5 /* EmptyView.swift */,
				D4E3C75D2C7B650A00131DA5 /* BasicImageView.swift */,
				D4E3C7472C78544900131DA5 /* ProfileAndNicknameView.swift */,
				D4E3C7432C7844CB00131DA5 /* ButtonImages.swift */,
				D4E3C7522C79F03900131DA5 /* GalleryButtonView.swift */,
				D41E73132C7F08E500097F90 /* OutlineField.swift */,
				D41E73192C7F8D5F00097F90 /* OutlineButton.swift */,
				D459767A2C832BFF00077BC7 /* OutlineNavigation.swift */,
			);
			path = CustomView;
			sourceTree = "<group>";
		};
		D404A5152C6E4F0F005C3C6E /* ProfileTab */ = {
			isa = PBXGroup;
			children = (
				D404A5432C71B44A005C3C6E /* ProfileViewController.swift */,
				D404A5622C721455005C3C6E /* ProfileViewModel.swift */,
				D404A5502C720AB6005C3C6E /* CountAndLabelView.swift */,
				D445A1A92C859E29003CEEBF /* EditProfileViewController.swift */,
				D45345832C80337200BABF48 /* WineApplication */,
				D45976682C81F4C200077BC7 /* EditProfile */,
				D404A5522C720D24005C3C6E /* FollowView */,
				D462B0D32C7452C300AE86CE /* Settings */,
			);
			path = ProfileTab;
			sourceTree = "<group>";
		};
		D404A5162C6E4F11005C3C6E /* Extensions */ = {
			isa = PBXGroup;
			children = (
				D404A5362C708686005C3C6E /* ViewController+Ex.swift */,
				D404A5492C71B7DE005C3C6E /* NSObject+Ex.swift */,
				D4E3C75B2C7B22C000131DA5 /* UIImageView+Ex.swift */,
				D41E73112C7EF9F400097F90 /* UIView+Ex.swift */,
			);
			path = Extensions;
			sourceTree = "<group>";
		};
		D404A5172C6E4F13005C3C6E /* Base */ = {
			isa = PBXGroup;
			children = (
				D404A5342C7085E0005C3C6E /* BaseViewController.swift */,
			);
			path = Base;
			sourceTree = "<group>";
		};
		D404A5182C6E4F15005C3C6E /* DetailView */ = {
			isa = PBXGroup;
			children = (
				D467D4502C6CD94C000C3993 /* PostDetailViewController.swift */,
				D404A53F2C7088B4005C3C6E /* DetailViewModel.swift */,
				D4E3C7592C7ADA3000131DA5 /* PostImageCollectionViewCell.swift */,
				D445A17B2C84A9D3003CEEBF /* PostSectionView.swift */,
				D445A1DB2C86C8CD003CEEBF /* CommentsSectionView.swift */,
				D445A1792C849DA7003CEEBF /* WineSectionView.swift */,
			);
			path = DetailView;
			sourceTree = "<group>";
		};
		D404A5192C6E4F17005C3C6E /* PostsView */ = {
			isa = PBXGroup;
			children = (
				D467D4522C6CD98C000C3993 /* MainPostViewController.swift */,
				D404A53D2C70889E005C3C6E /* MainPostViewModel.swift */,
				D404A5412C70E1A1005C3C6E /* PostTableViewCell.swift */,
			);
			path = PostsView;
			sourceTree = "<group>";
		};
		D404A51A2C6E4F19005C3C6E /* LoginView */ = {
			isa = PBXGroup;
			children = (
				D467D44E2C6CD892000C3993 /* LoginViewController.swift */,
				D404A5382C70871B005C3C6E /* LoginViewModel.swift */,
			);
			name = LoginView;
			path = ..;
			sourceTree = "<group>";
		};
		D404A51B2C6E4F1B005C3C6E /* SignupView */ = {
			isa = PBXGroup;
			children = (
				D467D44C2C6CB39C000C3993 /* JoinViewController.swift */,
				D404A51C2C6E4F2D005C3C6E /* JoinViewModel.swift */,
			);
			path = SignupView;
			sourceTree = "<group>";
		};
		D404A5252C6F7CF7005C3C6E /* QueryString */ = {
			isa = PBXGroup;
			children = (
				D404A5262C6F7D10005C3C6E /* GetAllPostQuery.swift */,
				D404A5282C6F7DAD005C3C6E /* GetLikePostQuery.swift */,
				D404A52A2C6F7E05005C3C6E /* HashQuery.swift */,
				D4E3C7172C764C8E00131DA5 /* SearchUserQuery.swift */,
			);
			path = QueryString;
			sourceTree = "<group>";
		};
		D404A54D2C7204AB005C3C6E /* NewPost */ = {
			isa = PBXGroup;
			children = (
				D404A54E2C7204B6005C3C6E /* NewPostViewController.swift */,
				D404A55B2C721230005C3C6E /* NewPostViewModel.swift */,
				D459767C2C833DE900077BC7 /* Hashtag */,
				D45976732C82B9FA00077BC7 /* WineSelection */,
				D4E3C74E2C79763E00131DA5 /* NewPostImageCell.swift */,
				D4E3C7572C79F65100131DA5 /* GalleryButtonCell.swift */,
			);
			path = NewPost;
			sourceTree = "<group>";
		};
		D404A5522C720D24005C3C6E /* FollowView */ = {
			isa = PBXGroup;
			children = (
				D404A5532C720D38005C3C6E /* FollowsViewController.swift */,
				D404A5572C721063005C3C6E /* FollowsViewModel.swift */,
				D404A5592C721108005C3C6E /* FollowsListView.swift */,
				D404A5552C720E95005C3C6E /* FollowsTableViewCell.swift */,
			);
			path = FollowView;
			sourceTree = "<group>";
		};
		D404A55D2C72126F005C3C6E /* Tab */ = {
			isa = PBXGroup;
			children = (
				D404A55E2C721364005C3C6E /* WineTabController.swift */,
				D462B0D82C747B1C00AE86CE /* TabItemsImage.swift */,
				D4E3C7642C7B93D200131DA5 /* PostsTab */,
				D4E3C7602C7B8AF200131DA5 /* SearchTab */,
				D404A5152C6E4F0F005C3C6E /* ProfileTab */,
			);
			path = Tab;
			sourceTree = "<group>";
		};
		D42FB95F2C8BD5E6002BA635 /* Managers */ = {
			isa = PBXGroup;
			children = (
				D42FB9552C8BD55C002BA635 /* AccountNetworkManager.swift */,
				D42FB9572C8BD571002BA635 /* PostNetworkManager.swift */,
				D42FB9592C8BD59E002BA635 /* CommentsNetworkManager.swift */,
				D42FB95B2C8BD5BC002BA635 /* LikeNetworkManager.swift */,
				D42FB95D2C8BD5CB002BA635 /* ProfileNetworkManager.swift */,
				D404A50E2C6E302E005C3C6E /* SearchNetworkManager.swift */,
				D42FB9602C8D24EC002BA635 /* PaymentManager.swift */,
			);
			path = Managers;
			sourceTree = "<group>";
		};
		D45345832C80337200BABF48 /* WineApplication */ = {
			isa = PBXGroup;
			children = (
				D445A17D2C84BBA8003CEEBF /* MyWineRequestViewController.swift */,
				D445A1812C84BBE9003CEEBF /* WineRequestCell.swift */,
				D45345842C80338A00BABF48 /* WineRequestViewController.swift */,
				D45976662C81863600077BC7 /* WineRequestViewModel.swift */,
			);
			path = WineApplication;
			sourceTree = "<group>";
		};
		D45976632C80A72900077BC7 /* Database */ = {
			isa = PBXGroup;
			children = (
				D45976642C80A74000077BC7 /* Database.swift */,
			);
			name = Database;
			path = Test/Database;
			sourceTree = "<group>";
		};
		D45976682C81F4C200077BC7 /* EditProfile */ = {
			isa = PBXGroup;
			children = (
			);
			path = EditProfile;
			sourceTree = "<group>";
		};
		D459766E2C82372F00077BC7 /* Admin */ = {
			isa = PBXGroup;
			children = (
				D459766F2C82374300077BC7 /* AdminViewController.swift */,
			);
			path = Admin;
			sourceTree = "<group>";
		};
		D45976732C82B9FA00077BC7 /* WineSelection */ = {
			isa = PBXGroup;
			children = (
				D45976712C82B99700077BC7 /* WineSelectViewController.swift */,
				D45976742C82BA0700077BC7 /* WineSelectViewModel.swift */,
				D45976762C82BEAC00077BC7 /* WineInfoCollectionViewListCell.swift */,
			);
			path = WineSelection;
			sourceTree = "<group>";
		};
		D459767C2C833DE900077BC7 /* Hashtag */ = {
			isa = PBXGroup;
			children = (
				D459767D2C833DF500077BC7 /* HashtagViewController.swift */,
				D45976822C8372AC00077BC7 /* CustomTagListView.swift */,
			);
			path = Hashtag;
			sourceTree = "<group>";
		};
		D462B0D32C7452C300AE86CE /* Settings */ = {
			isa = PBXGroup;
			children = (
				D462B0D42C7452D400AE86CE /* SettingsViewController.swift */,
				D42FB9692C8D64D8002BA635 /* PaymentsViewController.swift */,
				D462B0D62C7452EC00AE86CE /* SettingsViewModel.swift */,
				D41E73042C7D8AC300097F90 /* SelectionView.swift */,
				D459766E2C82372F00077BC7 /* Admin */,
			);
			path = Settings;
			sourceTree = "<group>";
		};
		D467D4142C6C7FFA000C3993 = {
			isa = PBXGroup;
			children = (
				D467D4342C6C803E000C3993 /* .gitignore */,
				D467D41F2C6C7FFA000C3993 /* WNS */,
				D467D41E2C6C7FFA000C3993 /* Products */,
			);
			sourceTree = "<group>";
		};
		D467D41E2C6C7FFA000C3993 /* Products */ = {
			isa = PBXGroup;
			children = (
				D467D41D2C6C7FFA000C3993 /* WNS.app */,
			);
			name = Products;
			sourceTree = "<group>";
		};
		D467D41F2C6C7FFA000C3993 /* WNS */ = {
			isa = PBXGroup;
			children = (
				D467D4202C6C7FFA000C3993 /* AppDelegate.swift */,
				D467D4222C6C7FFA000C3993 /* SceneDelegate.swift */,
				D4E3C76F2C7C8C1A00131DA5 /* Test */,
				D467D4362C6C8061000C3993 /* Network */,
				D45976632C80A72900077BC7 /* Database */,
				D4E3C75F2C7B8A0B00131DA5 /* Account */,
				D404A55D2C72126F005C3C6E /* Tab */,
				D404A5172C6E4F13005C3C6E /* Base */,
				D404A5162C6E4F11005C3C6E /* Extensions */,
				D4E3C7542C79F0AA00131DA5 /* New Group */,
				D404A5142C6E4F0B005C3C6E /* CustomView */,
				D467D4292C6C7FFB000C3993 /* Assets.xcassets */,
				D4E3C7692C7C59FE00131DA5 /* LaunchScreen.swift */,
				D467D42E2C6C7FFC000C3993 /* Info.plist */,
			);
			path = WNS;
			sourceTree = "<group>";
		};
		D467D4362C6C8061000C3993 /* Network */ = {
			isa = PBXGroup;
			children = (
				D42FB95F2C8BD5E6002BA635 /* Managers */,
				D467D4372C6C8070000C3993 /* APIKey.swift */,
				D467D4542C6CDDAD000C3993 /* Router.swift */,
				D467D4482C6C8738000C3993 /* TargetType.swift */,
				D43A68B42C8709CE00ACD6B9 /* TokenInterceptor.swift */,
				D404A5252C6F7CF7005C3C6E /* QueryString */,
				D467D4562C6CDFE8000C3993 /* RequestBody */,
				D404A4E52C6DA0D6005C3C6E /* Response */,
			);
			path = Network;
			sourceTree = "<group>";
		};
		D467D4562C6CDFE8000C3993 /* RequestBody */ = {
			isa = PBXGroup;
			children = (
				D467D44A2C6C8758000C3993 /* JoinBody.swift */,
				D467D4572C6CE03A000C3993 /* EmailDuplicationCheckBody.swift */,
				D4E3C71B2C76C24C00131DA5 /* NicknameDuplicationCheckBody.swift */,
				D467D4592C6CE188000C3993 /* LoginBody.swift */,
				D467D45B2C6CE3FA000C3993 /* PostImageBody.swift */,
				D467D45D2C6CE840000C3993 /* PostBody.swift */,
				D467D45F2C6CE99C000C3993 /* CommentBody.swift */,
				D404A4E12C6D84FC005C3C6E /* LikeBody.swift */,
				D404A4E32C6D862E005C3C6E /* ProfileBody.swift */,
				D42FB9622C8D259F002BA635 /* PaymentsBody.swift */,
			);
			path = RequestBody;
			sourceTree = "<group>";
		};
		D4E3C7542C79F0AA00131DA5 /* New Group */ = {
			isa = PBXGroup;
			children = (
				D4E3C7552C79F0CB00131DA5 /* DesignSize.swift */,
			);
			path = "New Group";
			sourceTree = "<group>";
		};
		D4E3C75F2C7B8A0B00131DA5 /* Account */ = {
			isa = PBXGroup;
			children = (
				D467D4392C6C85F4000C3993 /* AccountManager.swift */,
				D45976782C82C8D000077BC7 /* WineListManager.swift */,
				D445A1A72C859852003CEEBF /* ThemeManager.swift */,
				D404A51B2C6E4F1B005C3C6E /* SignupView */,
				D404A51A2C6E4F19005C3C6E /* LoginView */,
			);
			name = Account;
			path = LoginView/Account;
			sourceTree = "<group>";
		};
		D4E3C7602C7B8AF200131DA5 /* SearchTab */ = {
			isa = PBXGroup;
			children = (
				D4E3C7612C7B8B0300131DA5 /* SearchViewController.swift */,
			);
			path = SearchTab;
			sourceTree = "<group>";
		};
		D4E3C7642C7B93D200131DA5 /* PostsTab */ = {
			isa = PBXGroup;
			children = (
				D404A5192C6E4F17005C3C6E /* PostsView */,
				D404A54D2C7204AB005C3C6E /* NewPost */,
				D404A5182C6E4F15005C3C6E /* DetailView */,
				D404A5132C6E4F09005C3C6E /* Comments */,
			);
			path = PostsTab;
			sourceTree = "<group>";
		};
		D4E3C76F2C7C8C1A00131DA5 /* Test */ = {
			isa = PBXGroup;
			children = (
				D404A5202C6F28A5005C3C6E /* TestViewController.swift */,
				D45976842C8423A200077BC7 /* SegmentTest.swift */,
				D45976862C8446D000077BC7 /* GPTTab.swift */,
			);
			path = Test;
			sourceTree = "<group>";
		};
/* End PBXGroup section */

/* Begin PBXNativeTarget section */
		D467D41C2C6C7FFA000C3993 /* WNS */ = {
			isa = PBXNativeTarget;
			buildConfigurationList = D467D4312C6C7FFC000C3993 /* Build configuration list for PBXNativeTarget "WNS" */;
			buildPhases = (
				D467D4192C6C7FFA000C3993 /* Sources */,
				D467D41A2C6C7FFA000C3993 /* Frameworks */,
				D467D41B2C6C7FFA000C3993 /* Resources */,
			);
			buildRules = (
			);
			dependencies = (
			);
			name = WNS;
			packageProductDependencies = (
				D467D43E2C6C86B6000C3993 /* Alamofire */,
				D467D4412C6C86CC000C3993 /* RxCocoa */,
				D467D4432C6C86CC000C3993 /* RxSwift */,
				D404A5112C6E4EC8005C3C6E /* SnapKit */,
				D404A53B2C7087B8005C3C6E /* IQKeyboardManagerSwift */,
				D462B0DB2C74AF7B00AE86CE /* Toast */,
				D4E3C74A2C7859D100131DA5 /* Kingfisher */,
				D45976802C836BA200077BC7 /* TagListView */,
				D42FB9672C8D2E24002BA635 /* iamport-ios */,
			);
			productName = WNS;
			productReference = D467D41D2C6C7FFA000C3993 /* WNS.app */;
			productType = "com.apple.product-type.application";
		};
/* End PBXNativeTarget section */

/* Begin PBXProject section */
		D467D4152C6C7FFA000C3993 /* Project object */ = {
			isa = PBXProject;
			attributes = {
				BuildIndependentTargetsInParallel = 1;
				LastSwiftUpdateCheck = 1540;
				LastUpgradeCheck = 1540;
				TargetAttributes = {
					D467D41C2C6C7FFA000C3993 = {
						CreatedOnToolsVersion = 15.4;
					};
				};
			};
			buildConfigurationList = D467D4182C6C7FFA000C3993 /* Build configuration list for PBXProject "WNS" */;
			compatibilityVersion = "Xcode 14.0";
			developmentRegion = en;
			hasScannedForEncodings = 0;
			knownRegions = (
				en,
				Base,
			);
			mainGroup = D467D4142C6C7FFA000C3993;
			packageReferences = (
				D467D43D2C6C86B6000C3993 /* XCRemoteSwiftPackageReference "Alamofire" */,
				D467D4402C6C86CC000C3993 /* XCRemoteSwiftPackageReference "RxSwift" */,
				D404A5102C6E4EC8005C3C6E /* XCRemoteSwiftPackageReference "SnapKit" */,
				D404A53A2C7087B8005C3C6E /* XCRemoteSwiftPackageReference "IQKeyboardManager" */,
				D462B0DA2C74AF7B00AE86CE /* XCRemoteSwiftPackageReference "Toast-Swift" */,
				D4E3C7492C7859D100131DA5 /* XCRemoteSwiftPackageReference "Kingfisher" */,
				D459767F2C836BA200077BC7 /* XCRemoteSwiftPackageReference "TagListView" */,
				D42FB9662C8D2E24002BA635 /* XCRemoteSwiftPackageReference "iamport-ios" */,
			);
			productRefGroup = D467D41E2C6C7FFA000C3993 /* Products */;
			projectDirPath = "";
			projectRoot = "";
			targets = (
				D467D41C2C6C7FFA000C3993 /* WNS */,
			);
		};
/* End PBXProject section */

/* Begin PBXResourcesBuildPhase section */
		D467D41B2C6C7FFA000C3993 /* Resources */ = {
			isa = PBXResourcesBuildPhase;
			buildActionMask = 2147483647;
			files = (
				D467D42A2C6C7FFB000C3993 /* Assets.xcassets in Resources */,
				D467D4352C6C803E000C3993 /* .gitignore in Resources */,
			);
			runOnlyForDeploymentPostprocessing = 0;
		};
/* End PBXResourcesBuildPhase section */

/* Begin PBXSourcesBuildPhase section */
		D467D4192C6C7FFA000C3993 /* Sources */ = {
			isa = PBXSourcesBuildPhase;
			buildActionMask = 2147483647;
			files = (
				D42FB9612C8D24EC002BA635 /* PaymentManager.swift in Sources */,
				D462B0D92C747B1C00AE86CE /* TabItemsImage.swift in Sources */,
				D45976772C82BEAC00077BC7 /* WineInfoCollectionViewListCell.swift in Sources */,
				D45976722C82B99700077BC7 /* WineSelectViewController.swift in Sources */,
				D404A4E72C6DA0EC005C3C6E /* JoinResponse.swift in Sources */,
				D459767B2C832BFF00077BC7 /* OutlineNavigation.swift in Sources */,
				D4E3C71A2C764E1B00131DA5 /* SearchUsersResponse.swift in Sources */,
				D4E3C7422C76FA9000131DA5 /* CommentCollectionViewCell.swift in Sources */,
				D404A5032C6DFE5F005C3C6E /* LikePostResponse.swift in Sources */,
				D45976832C8372AC00077BC7 /* CustomTagListView.swift in Sources */,
				D467D44D2C6CB39C000C3993 /* JoinViewController.swift in Sources */,
				D4E3C7442C7844CB00131DA5 /* ButtonImages.swift in Sources */,
				D41E73142C7F08E500097F90 /* OutlineField.swift in Sources */,
				D4E3C7532C79F03900131DA5 /* GalleryButtonView.swift in Sources */,
				D45976652C80A74000077BC7 /* Database.swift in Sources */,
				D42FB96A2C8D64D8002BA635 /* PaymentsViewController.swift in Sources */,
				D404A5092C6E2CA8005C3C6E /* EditMyProfileResponse.swift in Sources */,
				D404A5512C720AB6005C3C6E /* CountAndLabelView.swift in Sources */,
				D404A4ED2C6DA9A0005C3C6E /* RefreshResponse.swift in Sources */,
				D404A5442C71B44A005C3C6E /* ProfileViewController.swift in Sources */,
				D404A55F2C721364005C3C6E /* WineTabController.swift in Sources */,
				D404A4F32C6DB78D005C3C6E /* Post.swift in Sources */,
				D404A5422C70E1A1005C3C6E /* PostTableViewCell.swift in Sources */,
				D45345852C80338A00BABF48 /* WineRequestViewController.swift in Sources */,
				D467D43A2C6C85F4000C3993 /* AccountManager.swift in Sources */,
				D404A4FB2C6DFC2C005C3C6E /* GetUserPostResponse.swift in Sources */,
				D445A1AA2C859E29003CEEBF /* EditProfileViewController.swift in Sources */,
				D404A5052C6E0019005C3C6E /* FollowResponse.swift in Sources */,
				D404A55A2C721108005C3C6E /* FollowsListView.swift in Sources */,
				D404A4E22C6D84FC005C3C6E /* LikeBody.swift in Sources */,
				D404A5582C721063005C3C6E /* FollowsViewModel.swift in Sources */,
				D43A68B52C8709CE00ACD6B9 /* TokenInterceptor.swift in Sources */,
				D41E73052C7D8AC300097F90 /* SelectionView.swift in Sources */,
				D404A5462C71B5BC005C3C6E /* CommentsViewController.swift in Sources */,
				D42FB95A2C8BD59E002BA635 /* CommentsNetworkManager.swift in Sources */,
				D404A5292C6F7DAD005C3C6E /* GetLikePostQuery.swift in Sources */,
				D467D4602C6CE99C000C3993 /* CommentBody.swift in Sources */,
				D404A50F2C6E302E005C3C6E /* SearchNetworkManager.swift in Sources */,
				D404A50D2C6E2DE9005C3C6E /* HashtagResponse.swift in Sources */,
				D404A54A2C71B7DE005C3C6E /* NSObject+Ex.swift in Sources */,
				D45976672C81863600077BC7 /* WineRequestViewModel.swift in Sources */,
				D404A4FD2C6DFCD9005C3C6E /* WriteCommentResponse.swift in Sources */,
				D404A52F2C6F9435005C3C6E /* ErrorResponse.swift in Sources */,
				D404A4E92C6DA90B005C3C6E /* EmailDuplicateCheckResponse.swift in Sources */,
				D41E73162C7F35DB00097F90 /* DateManager.swift in Sources */,
				D404A4F52C6DBAAB005C3C6E /* GetAllPostsResponse.swift in Sources */,
				D4E3C7622C7B8B0300131DA5 /* SearchViewController.swift in Sources */,
				D467D4512C6CD94C000C3993 /* PostDetailViewController.swift in Sources */,
				D467D45A2C6CE188000C3993 /* LoginBody.swift in Sources */,
				D42FB9652C8D2748002BA635 /* PaymentsResponse.swift in Sources */,
				D404A5632C721455005C3C6E /* ProfileViewModel.swift in Sources */,
				D45976872C8446D000077BC7 /* GPTTab.swift in Sources */,
				D467D4552C6CDDAD000C3993 /* Router.swift in Sources */,
				D41E73122C7EF9F400097F90 /* UIView+Ex.swift in Sources */,
				D45976752C82BA0700077BC7 /* WineSelectViewModel.swift in Sources */,
				D404A5562C720E95005C3C6E /* FollowsTableViewCell.swift in Sources */,
				D467D45E2C6CE840000C3993 /* PostBody.swift in Sources */,
				D4E3C7182C764C8E00131DA5 /* SearchUserQuery.swift in Sources */,
				D4E3C7462C784F9B00131DA5 /* EmptyView.swift in Sources */,
				D467D44B2C6C8758000C3993 /* JoinBody.swift in Sources */,
				D4E3C76A2C7C59FE00131DA5 /* LaunchScreen.swift in Sources */,
				D404A5072C6E2BB7005C3C6E /* GetMyProfileResponse.swift in Sources */,
				D404A5272C6F7D10005C3C6E /* GetAllPostQuery.swift in Sources */,
				D404A4E42C6D862E005C3C6E /* ProfileBody.swift in Sources */,
				D4E3C7562C79F0CB00131DA5 /* DesignSize.swift in Sources */,
				D462B0D52C7452D400AE86CE /* SettingsViewController.swift in Sources */,
				D445A17A2C849DA7003CEEBF /* WineSectionView.swift in Sources */,
				D404A50B2C6E2D51005C3C6E /* GetOthersProfileResponse.swift in Sources */,
				D45976702C82374300077BC7 /* AdminViewController.swift in Sources */,
				D404A5352C7085E0005C3C6E /* BaseViewController.swift in Sources */,
				D445A17C2C84A9D3003CEEBF /* PostSectionView.swift in Sources */,
				D467D45C2C6CE3FA000C3993 /* PostImageBody.swift in Sources */,
				D404A4F72C6DC422005C3C6E /* GetSomePostResponse.swift in Sources */,
				D404A51D2C6E4F2D005C3C6E /* JoinViewModel.swift in Sources */,
				D467D4212C6C7FFA000C3993 /* AppDelegate.swift in Sources */,
				D404A5542C720D38005C3C6E /* FollowsViewController.swift in Sources */,
				D445A1DC2C86C8CD003CEEBF /* CommentsSectionView.swift in Sources */,
				D459767E2C833DF500077BC7 /* HashtagViewController.swift in Sources */,
				D404A55C2C721230005C3C6E /* NewPostViewModel.swift in Sources */,
				D404A5212C6F28A5005C3C6E /* TestViewController.swift in Sources */,
				D4E3C71C2C76C24C00131DA5 /* NicknameDuplicationCheckBody.swift in Sources */,
				D404A5402C7088B4005C3C6E /* DetailViewModel.swift in Sources */,
				D445A1822C84BBE9003CEEBF /* WineRequestCell.swift in Sources */,
				D404A5612C721387005C3C6E /* CommentsViewModel.swift in Sources */,
				D42FB95E2C8BD5CB002BA635 /* ProfileNetworkManager.swift in Sources */,
				D42FB9632C8D259F002BA635 /* PaymentsBody.swift in Sources */,
				D467D4382C6C8070000C3993 /* APIKey.swift in Sources */,
				D404A53E2C70889E005C3C6E /* MainPostViewModel.swift in Sources */,
				D4E3C7582C79F65100131DA5 /* GalleryButtonCell.swift in Sources */,
				D404A52B2C6F7E05005C3C6E /* HashQuery.swift in Sources */,
				D4E3C7482C78544900131DA5 /* ProfileAndNicknameView.swift in Sources */,
				D467D4582C6CE03A000C3993 /* EmailDuplicationCheckBody.swift in Sources */,
				D42FB95C2C8BD5BC002BA635 /* LikeNetworkManager.swift in Sources */,
				D42FB9582C8BD571002BA635 /* PostNetworkManager.swift in Sources */,
				D404A5392C70871B005C3C6E /* LoginViewModel.swift in Sources */,
				D4E3C74F2C79763E00131DA5 /* NewPostImageCell.swift in Sources */,
				D445A17E2C84BBA8003CEEBF /* MyWineRequestViewController.swift in Sources */,
				D462B0D72C7452EC00AE86CE /* SettingsViewModel.swift in Sources */,
				D4E3C75A2C7ADA3000131DA5 /* PostImageCollectionViewCell.swift in Sources */,
				D404A54F2C7204B6005C3C6E /* NewPostViewController.swift in Sources */,
				D404A4F12C6DB762005C3C6E /* PostImageResponse.swift in Sources */,
				D404A5372C708686005C3C6E /* ViewController+Ex.swift in Sources */,
				D42FB9562C8BD55C002BA635 /* AccountNetworkManager.swift in Sources */,
				D404A4EF2C6DA9D9005C3C6E /* WithdrawResponse.swift in Sources */,
				D45976792C82C8D000077BC7 /* WineListManager.swift in Sources */,
				D404A4F92C6DFB99005C3C6E /* EditPostResponse.swift in Sources */,
				D467D4232C6C7FFA000C3993 /* SceneDelegate.swift in Sources */,
				D41E731A2C7F8D5F00097F90 /* OutlineButton.swift in Sources */,
				D404A54C2C71BAD0005C3C6E /* CommentTextFieldView.swift in Sources */,
				D404A5012C6DFE0C005C3C6E /* LikeResponse.swift in Sources */,
				D467D4532C6CD98C000C3993 /* MainPostViewController.swift in Sources */,
				D4E3C75E2C7B650A00131DA5 /* BasicImageView.swift in Sources */,
				D45976852C8423A200077BC7 /* SegmentTest.swift in Sources */,
				D404A4FF2C6DFDA8005C3C6E /* EditCommentResponse.swift in Sources */,
				D4E3C75C2C7B22C000131DA5 /* UIImageView+Ex.swift in Sources */,
				D467D44F2C6CD892000C3993 /* LoginViewController.swift in Sources */,
				D404A4EB2C6DA97B005C3C6E /* LoginResponse.swift in Sources */,
				D467D4492C6C8738000C3993 /* TargetType.swift in Sources */,
				D404A5482C71B62F005C3C6E /* CommentTableViewCell.swift in Sources */,
				D445A1A82C859852003CEEBF /* ThemeManager.swift in Sources */,
			);
			runOnlyForDeploymentPostprocessing = 0;
		};
/* End PBXSourcesBuildPhase section */

/* Begin XCBuildConfiguration section */
		D467D42F2C6C7FFC000C3993 /* Debug */ = {
			isa = XCBuildConfiguration;
			buildSettings = {
				ALWAYS_SEARCH_USER_PATHS = NO;
				ASSETCATALOG_COMPILER_GENERATE_SWIFT_ASSET_SYMBOL_EXTENSIONS = YES;
				CLANG_ANALYZER_NONNULL = YES;
				CLANG_ANALYZER_NUMBER_OBJECT_CONVERSION = YES_AGGRESSIVE;
				CLANG_CXX_LANGUAGE_STANDARD = "gnu++20";
				CLANG_ENABLE_MODULES = YES;
				CLANG_ENABLE_OBJC_ARC = YES;
				CLANG_ENABLE_OBJC_WEAK = YES;
				CLANG_WARN_BLOCK_CAPTURE_AUTORELEASING = YES;
				CLANG_WARN_BOOL_CONVERSION = YES;
				CLANG_WARN_COMMA = YES;
				CLANG_WARN_CONSTANT_CONVERSION = YES;
				CLANG_WARN_DEPRECATED_OBJC_IMPLEMENTATIONS = YES;
				CLANG_WARN_DIRECT_OBJC_ISA_USAGE = YES_ERROR;
				CLANG_WARN_DOCUMENTATION_COMMENTS = YES;
				CLANG_WARN_EMPTY_BODY = YES;
				CLANG_WARN_ENUM_CONVERSION = YES;
				CLANG_WARN_INFINITE_RECURSION = YES;
				CLANG_WARN_INT_CONVERSION = YES;
				CLANG_WARN_NON_LITERAL_NULL_CONVERSION = YES;
				CLANG_WARN_OBJC_IMPLICIT_RETAIN_SELF = YES;
				CLANG_WARN_OBJC_LITERAL_CONVERSION = YES;
				CLANG_WARN_OBJC_ROOT_CLASS = YES_ERROR;
				CLANG_WARN_QUOTED_INCLUDE_IN_FRAMEWORK_HEADER = YES;
				CLANG_WARN_RANGE_LOOP_ANALYSIS = YES;
				CLANG_WARN_STRICT_PROTOTYPES = YES;
				CLANG_WARN_SUSPICIOUS_MOVE = YES;
				CLANG_WARN_UNGUARDED_AVAILABILITY = YES_AGGRESSIVE;
				CLANG_WARN_UNREACHABLE_CODE = YES;
				CLANG_WARN__DUPLICATE_METHOD_MATCH = YES;
				COPY_PHASE_STRIP = NO;
				DEBUG_INFORMATION_FORMAT = dwarf;
				ENABLE_STRICT_OBJC_MSGSEND = YES;
				ENABLE_TESTABILITY = YES;
				ENABLE_USER_SCRIPT_SANDBOXING = YES;
				GCC_C_LANGUAGE_STANDARD = gnu17;
				GCC_DYNAMIC_NO_PIC = NO;
				GCC_NO_COMMON_BLOCKS = YES;
				GCC_OPTIMIZATION_LEVEL = 0;
				GCC_PREPROCESSOR_DEFINITIONS = (
					"DEBUG=1",
					"$(inherited)",
				);
				GCC_WARN_64_TO_32_BIT_CONVERSION = YES;
				GCC_WARN_ABOUT_RETURN_TYPE = YES_ERROR;
				GCC_WARN_UNDECLARED_SELECTOR = YES;
				GCC_WARN_UNINITIALIZED_AUTOS = YES_AGGRESSIVE;
				GCC_WARN_UNUSED_FUNCTION = YES;
				GCC_WARN_UNUSED_VARIABLE = YES;
				IPHONEOS_DEPLOYMENT_TARGET = 17.5;
				LOCALIZATION_PREFERS_STRING_CATALOGS = YES;
				MTL_ENABLE_DEBUG_INFO = INCLUDE_SOURCE;
				MTL_FAST_MATH = YES;
				ONLY_ACTIVE_ARCH = YES;
				SDKROOT = iphoneos;
				SWIFT_ACTIVE_COMPILATION_CONDITIONS = "DEBUG $(inherited)";
				SWIFT_OPTIMIZATION_LEVEL = "-Onone";
			};
			name = Debug;
		};
		D467D4302C6C7FFC000C3993 /* Release */ = {
			isa = XCBuildConfiguration;
			buildSettings = {
				ALWAYS_SEARCH_USER_PATHS = NO;
				ASSETCATALOG_COMPILER_GENERATE_SWIFT_ASSET_SYMBOL_EXTENSIONS = YES;
				CLANG_ANALYZER_NONNULL = YES;
				CLANG_ANALYZER_NUMBER_OBJECT_CONVERSION = YES_AGGRESSIVE;
				CLANG_CXX_LANGUAGE_STANDARD = "gnu++20";
				CLANG_ENABLE_MODULES = YES;
				CLANG_ENABLE_OBJC_ARC = YES;
				CLANG_ENABLE_OBJC_WEAK = YES;
				CLANG_WARN_BLOCK_CAPTURE_AUTORELEASING = YES;
				CLANG_WARN_BOOL_CONVERSION = YES;
				CLANG_WARN_COMMA = YES;
				CLANG_WARN_CONSTANT_CONVERSION = YES;
				CLANG_WARN_DEPRECATED_OBJC_IMPLEMENTATIONS = YES;
				CLANG_WARN_DIRECT_OBJC_ISA_USAGE = YES_ERROR;
				CLANG_WARN_DOCUMENTATION_COMMENTS = YES;
				CLANG_WARN_EMPTY_BODY = YES;
				CLANG_WARN_ENUM_CONVERSION = YES;
				CLANG_WARN_INFINITE_RECURSION = YES;
				CLANG_WARN_INT_CONVERSION = YES;
				CLANG_WARN_NON_LITERAL_NULL_CONVERSION = YES;
				CLANG_WARN_OBJC_IMPLICIT_RETAIN_SELF = YES;
				CLANG_WARN_OBJC_LITERAL_CONVERSION = YES;
				CLANG_WARN_OBJC_ROOT_CLASS = YES_ERROR;
				CLANG_WARN_QUOTED_INCLUDE_IN_FRAMEWORK_HEADER = YES;
				CLANG_WARN_RANGE_LOOP_ANALYSIS = YES;
				CLANG_WARN_STRICT_PROTOTYPES = YES;
				CLANG_WARN_SUSPICIOUS_MOVE = YES;
				CLANG_WARN_UNGUARDED_AVAILABILITY = YES_AGGRESSIVE;
				CLANG_WARN_UNREACHABLE_CODE = YES;
				CLANG_WARN__DUPLICATE_METHOD_MATCH = YES;
				COPY_PHASE_STRIP = NO;
				DEBUG_INFORMATION_FORMAT = "dwarf-with-dsym";
				ENABLE_NS_ASSERTIONS = NO;
				ENABLE_STRICT_OBJC_MSGSEND = YES;
				ENABLE_USER_SCRIPT_SANDBOXING = YES;
				GCC_C_LANGUAGE_STANDARD = gnu17;
				GCC_NO_COMMON_BLOCKS = YES;
				GCC_WARN_64_TO_32_BIT_CONVERSION = YES;
				GCC_WARN_ABOUT_RETURN_TYPE = YES_ERROR;
				GCC_WARN_UNDECLARED_SELECTOR = YES;
				GCC_WARN_UNINITIALIZED_AUTOS = YES_AGGRESSIVE;
				GCC_WARN_UNUSED_FUNCTION = YES;
				GCC_WARN_UNUSED_VARIABLE = YES;
				IPHONEOS_DEPLOYMENT_TARGET = 17.5;
				LOCALIZATION_PREFERS_STRING_CATALOGS = YES;
				MTL_ENABLE_DEBUG_INFO = NO;
				MTL_FAST_MATH = YES;
				SDKROOT = iphoneos;
				SWIFT_COMPILATION_MODE = wholemodule;
				VALIDATE_PRODUCT = YES;
			};
			name = Release;
		};
		D467D4322C6C7FFC000C3993 /* Debug */ = {
			isa = XCBuildConfiguration;
			buildSettings = {
				ASSETCATALOG_COMPILER_APPICON_NAME = AppIcon;
				ASSETCATALOG_COMPILER_GLOBAL_ACCENT_COLOR_NAME = AccentColor;
				CODE_SIGN_STYLE = Automatic;
				CURRENT_PROJECT_VERSION = 1;
				DEVELOPMENT_TEAM = NWL6WKXWCJ;
				GENERATE_INFOPLIST_FILE = YES;
				INFOPLIST_FILE = WNS/Info.plist;
				INFOPLIST_KEY_UIApplicationSupportsIndirectInputEvents = YES;
				INFOPLIST_KEY_UILaunchStoryboardName = LaunchScreen;
				INFOPLIST_KEY_UISupportedInterfaceOrientations = UIInterfaceOrientationPortrait;
				INFOPLIST_KEY_UISupportedInterfaceOrientations_iPad = "UIInterfaceOrientationLandscapeLeft UIInterfaceOrientationLandscapeRight UIInterfaceOrientationPortrait UIInterfaceOrientationPortraitUpsideDown";
				IPHONEOS_DEPLOYMENT_TARGET = 16.0;
				LD_RUNPATH_SEARCH_PATHS = (
					"$(inherited)",
					"@executable_path/Frameworks",
				);
				MARKETING_VERSION = 1.0;
				PRODUCT_BUNDLE_IDENTIFIER = com.Ray.WNS;
				PRODUCT_NAME = "$(TARGET_NAME)";
				SUPPORTED_PLATFORMS = "iphoneos iphonesimulator";
				SUPPORTS_MACCATALYST = NO;
				SUPPORTS_MAC_DESIGNED_FOR_IPHONE_IPAD = NO;
				SUPPORTS_XR_DESIGNED_FOR_IPHONE_IPAD = NO;
				SWIFT_EMIT_LOC_STRINGS = YES;
				SWIFT_VERSION = 5.0;
				TARGETED_DEVICE_FAMILY = 1;
			};
			name = Debug;
		};
		D467D4332C6C7FFC000C3993 /* Release */ = {
			isa = XCBuildConfiguration;
			buildSettings = {
				ASSETCATALOG_COMPILER_APPICON_NAME = AppIcon;
				ASSETCATALOG_COMPILER_GLOBAL_ACCENT_COLOR_NAME = AccentColor;
				CODE_SIGN_STYLE = Automatic;
				CURRENT_PROJECT_VERSION = 1;
				DEVELOPMENT_TEAM = NWL6WKXWCJ;
				GENERATE_INFOPLIST_FILE = YES;
				INFOPLIST_FILE = WNS/Info.plist;
				INFOPLIST_KEY_UIApplicationSupportsIndirectInputEvents = YES;
				INFOPLIST_KEY_UILaunchStoryboardName = LaunchScreen;
				INFOPLIST_KEY_UISupportedInterfaceOrientations = UIInterfaceOrientationPortrait;
				INFOPLIST_KEY_UISupportedInterfaceOrientations_iPad = "UIInterfaceOrientationLandscapeLeft UIInterfaceOrientationLandscapeRight UIInterfaceOrientationPortrait UIInterfaceOrientationPortraitUpsideDown";
				IPHONEOS_DEPLOYMENT_TARGET = 16.0;
				LD_RUNPATH_SEARCH_PATHS = (
					"$(inherited)",
					"@executable_path/Frameworks",
				);
				MARKETING_VERSION = 1.0;
				PRODUCT_BUNDLE_IDENTIFIER = com.Ray.WNS;
				PRODUCT_NAME = "$(TARGET_NAME)";
				SUPPORTED_PLATFORMS = "iphoneos iphonesimulator";
				SUPPORTS_MACCATALYST = NO;
				SUPPORTS_MAC_DESIGNED_FOR_IPHONE_IPAD = NO;
				SUPPORTS_XR_DESIGNED_FOR_IPHONE_IPAD = NO;
				SWIFT_EMIT_LOC_STRINGS = YES;
				SWIFT_VERSION = 5.0;
				TARGETED_DEVICE_FAMILY = 1;
			};
			name = Release;
		};
/* End XCBuildConfiguration section */

/* Begin XCConfigurationList section */
		D467D4182C6C7FFA000C3993 /* Build configuration list for PBXProject "WNS" */ = {
			isa = XCConfigurationList;
			buildConfigurations = (
				D467D42F2C6C7FFC000C3993 /* Debug */,
				D467D4302C6C7FFC000C3993 /* Release */,
			);
			defaultConfigurationIsVisible = 0;
			defaultConfigurationName = Release;
		};
		D467D4312C6C7FFC000C3993 /* Build configuration list for PBXNativeTarget "WNS" */ = {
			isa = XCConfigurationList;
			buildConfigurations = (
				D467D4322C6C7FFC000C3993 /* Debug */,
				D467D4332C6C7FFC000C3993 /* Release */,
			);
			defaultConfigurationIsVisible = 0;
			defaultConfigurationName = Release;
		};
/* End XCConfigurationList section */

/* Begin XCRemoteSwiftPackageReference section */
		D404A5102C6E4EC8005C3C6E /* XCRemoteSwiftPackageReference "SnapKit" */ = {
			isa = XCRemoteSwiftPackageReference;
			repositoryURL = "https://github.com/SnapKit/SnapKit.git";
			requirement = {
				kind = upToNextMajorVersion;
				minimumVersion = 5.7.1;
			};
		};
		D404A53A2C7087B8005C3C6E /* XCRemoteSwiftPackageReference "IQKeyboardManager" */ = {
			isa = XCRemoteSwiftPackageReference;
			repositoryURL = "https://github.com/hackiftekhar/IQKeyboardManager.git";
			requirement = {
				kind = upToNextMajorVersion;
				minimumVersion = 7.1.1;
			};
		};
		D42FB9662C8D2E24002BA635 /* XCRemoteSwiftPackageReference "iamport-ios" */ = {
			isa = XCRemoteSwiftPackageReference;
			repositoryURL = "https://github.com/iamport/iamport-ios.git";
			requirement = {
				kind = upToNextMajorVersion;
				minimumVersion = 1.4.2;
			};
		};
		D459767F2C836BA200077BC7 /* XCRemoteSwiftPackageReference "TagListView" */ = {
			isa = XCRemoteSwiftPackageReference;
			repositoryURL = "https://github.com/ElaWorkshop/TagListView.git";
			requirement = {
				kind = upToNextMajorVersion;
				minimumVersion = 1.4.1;
			};
		};
		D462B0DA2C74AF7B00AE86CE /* XCRemoteSwiftPackageReference "Toast-Swift" */ = {
			isa = XCRemoteSwiftPackageReference;
			repositoryURL = "https://github.com/scalessec/Toast-Swift.git";
			requirement = {
				kind = upToNextMajorVersion;
				minimumVersion = 5.1.1;
			};
		};
		D467D43D2C6C86B6000C3993 /* XCRemoteSwiftPackageReference "Alamofire" */ = {
			isa = XCRemoteSwiftPackageReference;
			repositoryURL = "https://github.com/Alamofire/Alamofire.git";
			requirement = {
				kind = upToNextMajorVersion;
				minimumVersion = 5.9.1;
			};
		};
		D467D4402C6C86CC000C3993 /* XCRemoteSwiftPackageReference "RxSwift" */ = {
			isa = XCRemoteSwiftPackageReference;
			repositoryURL = "https://github.com/ReactiveX/RxSwift.git";
			requirement = {
				kind = upToNextMajorVersion;
				minimumVersion = 6.7.1;
			};
		};
		D4E3C7492C7859D100131DA5 /* XCRemoteSwiftPackageReference "Kingfisher" */ = {
			isa = XCRemoteSwiftPackageReference;
			repositoryURL = "https://github.com/onevcat/Kingfisher.git";
			requirement = {
				kind = upToNextMajorVersion;
				minimumVersion = 7.12.0;
			};
		};
/* End XCRemoteSwiftPackageReference section */

/* Begin XCSwiftPackageProductDependency section */
		D404A5112C6E4EC8005C3C6E /* SnapKit */ = {
			isa = XCSwiftPackageProductDependency;
			package = D404A5102C6E4EC8005C3C6E /* XCRemoteSwiftPackageReference "SnapKit" */;
			productName = SnapKit;
		};
		D404A53B2C7087B8005C3C6E /* IQKeyboardManagerSwift */ = {
			isa = XCSwiftPackageProductDependency;
			package = D404A53A2C7087B8005C3C6E /* XCRemoteSwiftPackageReference "IQKeyboardManager" */;
			productName = IQKeyboardManagerSwift;
		};
		D42FB9672C8D2E24002BA635 /* iamport-ios */ = {
			isa = XCSwiftPackageProductDependency;
			package = D42FB9662C8D2E24002BA635 /* XCRemoteSwiftPackageReference "iamport-ios" */;
			productName = "iamport-ios";
		};
		D45976802C836BA200077BC7 /* TagListView */ = {
			isa = XCSwiftPackageProductDependency;
			package = D459767F2C836BA200077BC7 /* XCRemoteSwiftPackageReference "TagListView" */;
			productName = TagListView;
		};
		D462B0DB2C74AF7B00AE86CE /* Toast */ = {
			isa = XCSwiftPackageProductDependency;
			package = D462B0DA2C74AF7B00AE86CE /* XCRemoteSwiftPackageReference "Toast-Swift" */;
			productName = Toast;
		};
		D467D43E2C6C86B6000C3993 /* Alamofire */ = {
			isa = XCSwiftPackageProductDependency;
			package = D467D43D2C6C86B6000C3993 /* XCRemoteSwiftPackageReference "Alamofire" */;
			productName = Alamofire;
		};
		D467D4412C6C86CC000C3993 /* RxCocoa */ = {
			isa = XCSwiftPackageProductDependency;
			package = D467D4402C6C86CC000C3993 /* XCRemoteSwiftPackageReference "RxSwift" */;
			productName = RxCocoa;
		};
		D467D4432C6C86CC000C3993 /* RxSwift */ = {
			isa = XCSwiftPackageProductDependency;
			package = D467D4402C6C86CC000C3993 /* XCRemoteSwiftPackageReference "RxSwift" */;
			productName = RxSwift;
		};
		D4E3C74A2C7859D100131DA5 /* Kingfisher */ = {
			isa = XCSwiftPackageProductDependency;
			package = D4E3C7492C7859D100131DA5 /* XCRemoteSwiftPackageReference "Kingfisher" */;
			productName = Kingfisher;
		};
/* End XCSwiftPackageProductDependency section */
	};
	rootObject = D467D4152C6C7FFA000C3993 /* Project object */;
}
