// !$*UTF8*$!
{
	archiveVersion = 1;
	classes = {
	};
	objectVersion = 56;
	objects = {

/* Begin PBXBuildFile section */
		D404A4E22C6D84FC005C3C6E /* LikeQuery.swift in Sources */ = {isa = PBXBuildFile; fileRef = D404A4E12C6D84FC005C3C6E /* LikeQuery.swift */; };
		D404A4E42C6D862E005C3C6E /* ProfileQuery.swift in Sources */ = {isa = PBXBuildFile; fileRef = D404A4E32C6D862E005C3C6E /* ProfileQuery.swift */; };
		D467D4212C6C7FFA000C3993 /* AppDelegate.swift in Sources */ = {isa = PBXBuildFile; fileRef = D467D4202C6C7FFA000C3993 /* AppDelegate.swift */; };
		D467D4232C6C7FFA000C3993 /* SceneDelegate.swift in Sources */ = {isa = PBXBuildFile; fileRef = D467D4222C6C7FFA000C3993 /* SceneDelegate.swift */; };
		D467D4252C6C7FFA000C3993 /* ViewController.swift in Sources */ = {isa = PBXBuildFile; fileRef = D467D4242C6C7FFA000C3993 /* ViewController.swift */; };
		D467D42A2C6C7FFB000C3993 /* Assets.xcassets in Resources */ = {isa = PBXBuildFile; fileRef = D467D4292C6C7FFB000C3993 /* Assets.xcassets */; };
		D467D42D2C6C7FFC000C3993 /* Base in Resources */ = {isa = PBXBuildFile; fileRef = D467D42C2C6C7FFC000C3993 /* Base */; };
		D467D4352C6C803E000C3993 /* .gitignore in Resources */ = {isa = PBXBuildFile; fileRef = D467D4342C6C803E000C3993 /* .gitignore */; };
		D467D4382C6C8070000C3993 /* APIKey.swift in Sources */ = {isa = PBXBuildFile; fileRef = D467D4372C6C8070000C3993 /* APIKey.swift */; };
		D467D43A2C6C85F4000C3993 /* TokenManager.swift in Sources */ = {isa = PBXBuildFile; fileRef = D467D4392C6C85F4000C3993 /* TokenManager.swift */; };
		D467D43F2C6C86B6000C3993 /* Alamofire in Frameworks */ = {isa = PBXBuildFile; productRef = D467D43E2C6C86B6000C3993 /* Alamofire */; };
		D467D4422C6C86CC000C3993 /* RxCocoa in Frameworks */ = {isa = PBXBuildFile; productRef = D467D4412C6C86CC000C3993 /* RxCocoa */; };
		D467D4442C6C86CC000C3993 /* RxSwift in Frameworks */ = {isa = PBXBuildFile; productRef = D467D4432C6C86CC000C3993 /* RxSwift */; };
		D467D4472C6C86FA000C3993 /* Realm in Frameworks */ = {isa = PBXBuildFile; productRef = D467D4462C6C86FA000C3993 /* Realm */; };
		D467D4492C6C8738000C3993 /* TargetType.swift in Sources */ = {isa = PBXBuildFile; fileRef = D467D4482C6C8738000C3993 /* TargetType.swift */; };
		D467D44B2C6C8758000C3993 /* SignupQuery.swift in Sources */ = {isa = PBXBuildFile; fileRef = D467D44A2C6C8758000C3993 /* SignupQuery.swift */; };
		D467D44D2C6CB39C000C3993 /* SignUpViewController.swift in Sources */ = {isa = PBXBuildFile; fileRef = D467D44C2C6CB39C000C3993 /* SignUpViewController.swift */; };
		D467D44F2C6CD892000C3993 /* LogInViewController.swift in Sources */ = {isa = PBXBuildFile; fileRef = D467D44E2C6CD892000C3993 /* LogInViewController.swift */; };
		D467D4512C6CD94C000C3993 /* DetailReviewViewController.swift in Sources */ = {isa = PBXBuildFile; fileRef = D467D4502C6CD94C000C3993 /* DetailReviewViewController.swift */; };
		D467D4532C6CD98C000C3993 /* MainPostViewController.swift in Sources */ = {isa = PBXBuildFile; fileRef = D467D4522C6CD98C000C3993 /* MainPostViewController.swift */; };
		D467D4552C6CDDAD000C3993 /* Router.swift in Sources */ = {isa = PBXBuildFile; fileRef = D467D4542C6CDDAD000C3993 /* Router.swift */; };
		D467D4582C6CE03A000C3993 /* ValidationQuery.swift in Sources */ = {isa = PBXBuildFile; fileRef = D467D4572C6CE03A000C3993 /* ValidationQuery.swift */; };
		D467D45A2C6CE188000C3993 /* LoginQuery.swift in Sources */ = {isa = PBXBuildFile; fileRef = D467D4592C6CE188000C3993 /* LoginQuery.swift */; };
		D467D45C2C6CE3FA000C3993 /* PostImageQuery.swift in Sources */ = {isa = PBXBuildFile; fileRef = D467D45B2C6CE3FA000C3993 /* PostImageQuery.swift */; };
		D467D45E2C6CE840000C3993 /* PostQuery.swift in Sources */ = {isa = PBXBuildFile; fileRef = D467D45D2C6CE840000C3993 /* PostQuery.swift */; };
		D467D4602C6CE99C000C3993 /* CommentQuery.swift in Sources */ = {isa = PBXBuildFile; fileRef = D467D45F2C6CE99C000C3993 /* CommentQuery.swift */; };
/* End PBXBuildFile section */

/* Begin PBXFileReference section */
		D404A4E12C6D84FC005C3C6E /* LikeQuery.swift */ = {isa = PBXFileReference; lastKnownFileType = sourcecode.swift; path = LikeQuery.swift; sourceTree = "<group>"; };
		D404A4E32C6D862E005C3C6E /* ProfileQuery.swift */ = {isa = PBXFileReference; lastKnownFileType = sourcecode.swift; path = ProfileQuery.swift; sourceTree = "<group>"; };
		D467D41D2C6C7FFA000C3993 /* WNS.app */ = {isa = PBXFileReference; explicitFileType = wrapper.application; includeInIndex = 0; path = WNS.app; sourceTree = BUILT_PRODUCTS_DIR; };
		D467D4202C6C7FFA000C3993 /* AppDelegate.swift */ = {isa = PBXFileReference; lastKnownFileType = sourcecode.swift; path = AppDelegate.swift; sourceTree = "<group>"; };
		D467D4222C6C7FFA000C3993 /* SceneDelegate.swift */ = {isa = PBXFileReference; lastKnownFileType = sourcecode.swift; path = SceneDelegate.swift; sourceTree = "<group>"; };
		D467D4242C6C7FFA000C3993 /* ViewController.swift */ = {isa = PBXFileReference; lastKnownFileType = sourcecode.swift; path = ViewController.swift; sourceTree = "<group>"; };
		D467D4292C6C7FFB000C3993 /* Assets.xcassets */ = {isa = PBXFileReference; lastKnownFileType = folder.assetcatalog; path = Assets.xcassets; sourceTree = "<group>"; };
		D467D42C2C6C7FFC000C3993 /* Base */ = {isa = PBXFileReference; lastKnownFileType = file.storyboard; name = Base; path = Base.lproj/LaunchScreen.storyboard; sourceTree = "<group>"; };
		D467D42E2C6C7FFC000C3993 /* Info.plist */ = {isa = PBXFileReference; lastKnownFileType = text.plist.xml; path = Info.plist; sourceTree = "<group>"; };
		D467D4342C6C803E000C3993 /* .gitignore */ = {isa = PBXFileReference; lastKnownFileType = text; path = .gitignore; sourceTree = "<group>"; };
		D467D4372C6C8070000C3993 /* APIKey.swift */ = {isa = PBXFileReference; lastKnownFileType = sourcecode.swift; path = APIKey.swift; sourceTree = "<group>"; };
		D467D4392C6C85F4000C3993 /* TokenManager.swift */ = {isa = PBXFileReference; lastKnownFileType = sourcecode.swift; path = TokenManager.swift; sourceTree = "<group>"; };
		D467D4482C6C8738000C3993 /* TargetType.swift */ = {isa = PBXFileReference; lastKnownFileType = sourcecode.swift; path = TargetType.swift; sourceTree = "<group>"; };
		D467D44A2C6C8758000C3993 /* SignupQuery.swift */ = {isa = PBXFileReference; lastKnownFileType = sourcecode.swift; path = SignupQuery.swift; sourceTree = "<group>"; };
		D467D44C2C6CB39C000C3993 /* SignUpViewController.swift */ = {isa = PBXFileReference; lastKnownFileType = sourcecode.swift; path = SignUpViewController.swift; sourceTree = "<group>"; };
		D467D44E2C6CD892000C3993 /* LogInViewController.swift */ = {isa = PBXFileReference; lastKnownFileType = sourcecode.swift; path = LogInViewController.swift; sourceTree = "<group>"; };
		D467D4502C6CD94C000C3993 /* DetailReviewViewController.swift */ = {isa = PBXFileReference; lastKnownFileType = sourcecode.swift; path = DetailReviewViewController.swift; sourceTree = "<group>"; };
		D467D4522C6CD98C000C3993 /* MainPostViewController.swift */ = {isa = PBXFileReference; lastKnownFileType = sourcecode.swift; path = MainPostViewController.swift; sourceTree = "<group>"; };
		D467D4542C6CDDAD000C3993 /* Router.swift */ = {isa = PBXFileReference; lastKnownFileType = sourcecode.swift; path = Router.swift; sourceTree = "<group>"; };
		D467D4572C6CE03A000C3993 /* ValidationQuery.swift */ = {isa = PBXFileReference; lastKnownFileType = sourcecode.swift; path = ValidationQuery.swift; sourceTree = "<group>"; };
		D467D4592C6CE188000C3993 /* LoginQuery.swift */ = {isa = PBXFileReference; lastKnownFileType = sourcecode.swift; path = LoginQuery.swift; sourceTree = "<group>"; };
		D467D45B2C6CE3FA000C3993 /* PostImageQuery.swift */ = {isa = PBXFileReference; lastKnownFileType = sourcecode.swift; path = PostImageQuery.swift; sourceTree = "<group>"; };
		D467D45D2C6CE840000C3993 /* PostQuery.swift */ = {isa = PBXFileReference; lastKnownFileType = sourcecode.swift; path = PostQuery.swift; sourceTree = "<group>"; };
		D467D45F2C6CE99C000C3993 /* CommentQuery.swift */ = {isa = PBXFileReference; lastKnownFileType = sourcecode.swift; path = CommentQuery.swift; sourceTree = "<group>"; };
/* End PBXFileReference section */

/* Begin PBXFrameworksBuildPhase section */
		D467D41A2C6C7FFA000C3993 /* Frameworks */ = {
			isa = PBXFrameworksBuildPhase;
			buildActionMask = 2147483647;
			files = (
				D467D4442C6C86CC000C3993 /* RxSwift in Frameworks */,
				D467D4422C6C86CC000C3993 /* RxCocoa in Frameworks */,
				D467D4472C6C86FA000C3993 /* Realm in Frameworks */,
				D467D43F2C6C86B6000C3993 /* Alamofire in Frameworks */,
			);
			runOnlyForDeploymentPostprocessing = 0;
		};
/* End PBXFrameworksBuildPhase section */

/* Begin PBXGroup section */
		D467D4142C6C7FFA000C3993 = {
			isa = PBXGroup;
			children = (
				D467D4342C6C803E000C3993 /* .gitignore */,
				D467D41F2C6C7FFA000C3993 /* WNS */,
				D467D41E2C6C7FFA000C3993 /* Products */,
			);
			sourceTree = "<group>";
		};
		D467D41E2C6C7FFA000C3993 /* Products */ = {
			isa = PBXGroup;
			children = (
				D467D41D2C6C7FFA000C3993 /* WNS.app */,
			);
			name = Products;
			sourceTree = "<group>";
		};
		D467D41F2C6C7FFA000C3993 /* WNS */ = {
			isa = PBXGroup;
			children = (
				D467D4202C6C7FFA000C3993 /* AppDelegate.swift */,
				D467D4222C6C7FFA000C3993 /* SceneDelegate.swift */,
				D467D4242C6C7FFA000C3993 /* ViewController.swift */,
				D467D44C2C6CB39C000C3993 /* SignUpViewController.swift */,
				D467D44E2C6CD892000C3993 /* LogInViewController.swift */,
				D467D4502C6CD94C000C3993 /* DetailReviewViewController.swift */,
				D467D4522C6CD98C000C3993 /* MainPostViewController.swift */,
				D467D4362C6C8061000C3993 /* Network */,
				D467D4292C6C7FFB000C3993 /* Assets.xcassets */,
				D467D42B2C6C7FFC000C3993 /* LaunchScreen.storyboard */,
				D467D42E2C6C7FFC000C3993 /* Info.plist */,
			);
			path = WNS;
			sourceTree = "<group>";
		};
		D467D4362C6C8061000C3993 /* Network */ = {
			isa = PBXGroup;
			children = (
				D467D4372C6C8070000C3993 /* APIKey.swift */,
				D467D4542C6CDDAD000C3993 /* Router.swift */,
				D467D4392C6C85F4000C3993 /* TokenManager.swift */,
				D467D4482C6C8738000C3993 /* TargetType.swift */,
				D467D4562C6CDFE8000C3993 /* RequestBody */,
			);
			path = Network;
			sourceTree = "<group>";
		};
		D467D4562C6CDFE8000C3993 /* RequestBody */ = {
			isa = PBXGroup;
			children = (
				D467D44A2C6C8758000C3993 /* SignupQuery.swift */,
				D467D4572C6CE03A000C3993 /* ValidationQuery.swift */,
				D467D4592C6CE188000C3993 /* LoginQuery.swift */,
				D467D45B2C6CE3FA000C3993 /* PostImageQuery.swift */,
				D467D45D2C6CE840000C3993 /* PostQuery.swift */,
				D467D45F2C6CE99C000C3993 /* CommentQuery.swift */,
				D404A4E12C6D84FC005C3C6E /* LikeQuery.swift */,
				D404A4E32C6D862E005C3C6E /* ProfileQuery.swift */,
			);
			path = RequestBody;
			sourceTree = "<group>";
		};
/* End PBXGroup section */

/* Begin PBXNativeTarget section */
		D467D41C2C6C7FFA000C3993 /* WNS */ = {
			isa = PBXNativeTarget;
			buildConfigurationList = D467D4312C6C7FFC000C3993 /* Build configuration list for PBXNativeTarget "WNS" */;
			buildPhases = (
				D467D4192C6C7FFA000C3993 /* Sources */,
				D467D41A2C6C7FFA000C3993 /* Frameworks */,
				D467D41B2C6C7FFA000C3993 /* Resources */,
			);
			buildRules = (
			);
			dependencies = (
			);
			name = WNS;
			packageProductDependencies = (
				D467D43E2C6C86B6000C3993 /* Alamofire */,
				D467D4412C6C86CC000C3993 /* RxCocoa */,
				D467D4432C6C86CC000C3993 /* RxSwift */,
				D467D4462C6C86FA000C3993 /* Realm */,
			);
			productName = WNS;
			productReference = D467D41D2C6C7FFA000C3993 /* WNS.app */;
			productType = "com.apple.product-type.application";
		};
/* End PBXNativeTarget section */

/* Begin PBXProject section */
		D467D4152C6C7FFA000C3993 /* Project object */ = {
			isa = PBXProject;
			attributes = {
				BuildIndependentTargetsInParallel = 1;
				LastSwiftUpdateCheck = 1540;
				LastUpgradeCheck = 1540;
				TargetAttributes = {
					D467D41C2C6C7FFA000C3993 = {
						CreatedOnToolsVersion = 15.4;
					};
				};
			};
			buildConfigurationList = D467D4182C6C7FFA000C3993 /* Build configuration list for PBXProject "WNS" */;
			compatibilityVersion = "Xcode 14.0";
			developmentRegion = en;
			hasScannedForEncodings = 0;
			knownRegions = (
				en,
				Base,
			);
			mainGroup = D467D4142C6C7FFA000C3993;
			packageReferences = (
				D467D43D2C6C86B6000C3993 /* XCRemoteSwiftPackageReference "Alamofire" */,
				D467D4402C6C86CC000C3993 /* XCRemoteSwiftPackageReference "RxSwift" */,
				D467D4452C6C86FA000C3993 /* XCRemoteSwiftPackageReference "realm-swift" */,
			);
			productRefGroup = D467D41E2C6C7FFA000C3993 /* Products */;
			projectDirPath = "";
			projectRoot = "";
			targets = (
				D467D41C2C6C7FFA000C3993 /* WNS */,
			);
		};
/* End PBXProject section */

/* Begin PBXResourcesBuildPhase section */
		D467D41B2C6C7FFA000C3993 /* Resources */ = {
			isa = PBXResourcesBuildPhase;
			buildActionMask = 2147483647;
			files = (
				D467D42A2C6C7FFB000C3993 /* Assets.xcassets in Resources */,
				D467D4352C6C803E000C3993 /* .gitignore in Resources */,
				D467D42D2C6C7FFC000C3993 /* Base in Resources */,
			);
			runOnlyForDeploymentPostprocessing = 0;
		};
/* End PBXResourcesBuildPhase section */

/* Begin PBXSourcesBuildPhase section */
		D467D4192C6C7FFA000C3993 /* Sources */ = {
			isa = PBXSourcesBuildPhase;
			buildActionMask = 2147483647;
			files = (
				D467D44D2C6CB39C000C3993 /* SignUpViewController.swift in Sources */,
				D467D4252C6C7FFA000C3993 /* ViewController.swift in Sources */,
				D467D43A2C6C85F4000C3993 /* TokenManager.swift in Sources */,
				D404A4E22C6D84FC005C3C6E /* LikeQuery.swift in Sources */,
				D467D4602C6CE99C000C3993 /* CommentQuery.swift in Sources */,
				D467D4512C6CD94C000C3993 /* DetailReviewViewController.swift in Sources */,
				D467D45A2C6CE188000C3993 /* LoginQuery.swift in Sources */,
				D467D4552C6CDDAD000C3993 /* Router.swift in Sources */,
				D467D45E2C6CE840000C3993 /* PostQuery.swift in Sources */,
				D467D44B2C6C8758000C3993 /* SignupQuery.swift in Sources */,
				D404A4E42C6D862E005C3C6E /* ProfileQuery.swift in Sources */,
				D467D45C2C6CE3FA000C3993 /* PostImageQuery.swift in Sources */,
				D467D4212C6C7FFA000C3993 /* AppDelegate.swift in Sources */,
				D467D4382C6C8070000C3993 /* APIKey.swift in Sources */,
				D467D4582C6CE03A000C3993 /* ValidationQuery.swift in Sources */,
				D467D4232C6C7FFA000C3993 /* SceneDelegate.swift in Sources */,
				D467D4532C6CD98C000C3993 /* MainPostViewController.swift in Sources */,
				D467D44F2C6CD892000C3993 /* LogInViewController.swift in Sources */,
				D467D4492C6C8738000C3993 /* TargetType.swift in Sources */,
			);
			runOnlyForDeploymentPostprocessing = 0;
		};
/* End PBXSourcesBuildPhase section */

/* Begin PBXVariantGroup section */
		D467D42B2C6C7FFC000C3993 /* LaunchScreen.storyboard */ = {
			isa = PBXVariantGroup;
			children = (
				D467D42C2C6C7FFC000C3993 /* Base */,
			);
			name = LaunchScreen.storyboard;
			sourceTree = "<group>";
		};
/* End PBXVariantGroup section */

/* Begin XCBuildConfiguration section */
		D467D42F2C6C7FFC000C3993 /* Debug */ = {
			isa = XCBuildConfiguration;
			buildSettings = {
				ALWAYS_SEARCH_USER_PATHS = NO;
				ASSETCATALOG_COMPILER_GENERATE_SWIFT_ASSET_SYMBOL_EXTENSIONS = YES;
				CLANG_ANALYZER_NONNULL = YES;
				CLANG_ANALYZER_NUMBER_OBJECT_CONVERSION = YES_AGGRESSIVE;
				CLANG_CXX_LANGUAGE_STANDARD = "gnu++20";
				CLANG_ENABLE_MODULES = YES;
				CLANG_ENABLE_OBJC_ARC = YES;
				CLANG_ENABLE_OBJC_WEAK = YES;
				CLANG_WARN_BLOCK_CAPTURE_AUTORELEASING = YES;
				CLANG_WARN_BOOL_CONVERSION = YES;
				CLANG_WARN_COMMA = YES;
				CLANG_WARN_CONSTANT_CONVERSION = YES;
				CLANG_WARN_DEPRECATED_OBJC_IMPLEMENTATIONS = YES;
				CLANG_WARN_DIRECT_OBJC_ISA_USAGE = YES_ERROR;
				CLANG_WARN_DOCUMENTATION_COMMENTS = YES;
				CLANG_WARN_EMPTY_BODY = YES;
				CLANG_WARN_ENUM_CONVERSION = YES;
				CLANG_WARN_INFINITE_RECURSION = YES;
				CLANG_WARN_INT_CONVERSION = YES;
				CLANG_WARN_NON_LITERAL_NULL_CONVERSION = YES;
				CLANG_WARN_OBJC_IMPLICIT_RETAIN_SELF = YES;
				CLANG_WARN_OBJC_LITERAL_CONVERSION = YES;
				CLANG_WARN_OBJC_ROOT_CLASS = YES_ERROR;
				CLANG_WARN_QUOTED_INCLUDE_IN_FRAMEWORK_HEADER = YES;
				CLANG_WARN_RANGE_LOOP_ANALYSIS = YES;
				CLANG_WARN_STRICT_PROTOTYPES = YES;
				CLANG_WARN_SUSPICIOUS_MOVE = YES;
				CLANG_WARN_UNGUARDED_AVAILABILITY = YES_AGGRESSIVE;
				CLANG_WARN_UNREACHABLE_CODE = YES;
				CLANG_WARN__DUPLICATE_METHOD_MATCH = YES;
				COPY_PHASE_STRIP = NO;
				DEBUG_INFORMATION_FORMAT = dwarf;
				ENABLE_STRICT_OBJC_MSGSEND = YES;
				ENABLE_TESTABILITY = YES;
				ENABLE_USER_SCRIPT_SANDBOXING = YES;
				GCC_C_LANGUAGE_STANDARD = gnu17;
				GCC_DYNAMIC_NO_PIC = NO;
				GCC_NO_COMMON_BLOCKS = YES;
				GCC_OPTIMIZATION_LEVEL = 0;
				GCC_PREPROCESSOR_DEFINITIONS = (
					"DEBUG=1",
					"$(inherited)",
				);
				GCC_WARN_64_TO_32_BIT_CONVERSION = YES;
				GCC_WARN_ABOUT_RETURN_TYPE = YES_ERROR;
				GCC_WARN_UNDECLARED_SELECTOR = YES;
				GCC_WARN_UNINITIALIZED_AUTOS = YES_AGGRESSIVE;
				GCC_WARN_UNUSED_FUNCTION = YES;
				GCC_WARN_UNUSED_VARIABLE = YES;
				IPHONEOS_DEPLOYMENT_TARGET = 17.5;
				LOCALIZATION_PREFERS_STRING_CATALOGS = YES;
				MTL_ENABLE_DEBUG_INFO = INCLUDE_SOURCE;
				MTL_FAST_MATH = YES;
				ONLY_ACTIVE_ARCH = YES;
				SDKROOT = iphoneos;
				SWIFT_ACTIVE_COMPILATION_CONDITIONS = "DEBUG $(inherited)";
				SWIFT_OPTIMIZATION_LEVEL = "-Onone";
			};
			name = Debug;
		};
		D467D4302C6C7FFC000C3993 /* Release */ = {
			isa = XCBuildConfiguration;
			buildSettings = {
				ALWAYS_SEARCH_USER_PATHS = NO;
				ASSETCATALOG_COMPILER_GENERATE_SWIFT_ASSET_SYMBOL_EXTENSIONS = YES;
				CLANG_ANALYZER_NONNULL = YES;
				CLANG_ANALYZER_NUMBER_OBJECT_CONVERSION = YES_AGGRESSIVE;
				CLANG_CXX_LANGUAGE_STANDARD = "gnu++20";
				CLANG_ENABLE_MODULES = YES;
				CLANG_ENABLE_OBJC_ARC = YES;
				CLANG_ENABLE_OBJC_WEAK = YES;
				CLANG_WARN_BLOCK_CAPTURE_AUTORELEASING = YES;
				CLANG_WARN_BOOL_CONVERSION = YES;
				CLANG_WARN_COMMA = YES;
				CLANG_WARN_CONSTANT_CONVERSION = YES;
				CLANG_WARN_DEPRECATED_OBJC_IMPLEMENTATIONS = YES;
				CLANG_WARN_DIRECT_OBJC_ISA_USAGE = YES_ERROR;
				CLANG_WARN_DOCUMENTATION_COMMENTS = YES;
				CLANG_WARN_EMPTY_BODY = YES;
				CLANG_WARN_ENUM_CONVERSION = YES;
				CLANG_WARN_INFINITE_RECURSION = YES;
				CLANG_WARN_INT_CONVERSION = YES;
				CLANG_WARN_NON_LITERAL_NULL_CONVERSION = YES;
				CLANG_WARN_OBJC_IMPLICIT_RETAIN_SELF = YES;
				CLANG_WARN_OBJC_LITERAL_CONVERSION = YES;
				CLANG_WARN_OBJC_ROOT_CLASS = YES_ERROR;
				CLANG_WARN_QUOTED_INCLUDE_IN_FRAMEWORK_HEADER = YES;
				CLANG_WARN_RANGE_LOOP_ANALYSIS = YES;
				CLANG_WARN_STRICT_PROTOTYPES = YES;
				CLANG_WARN_SUSPICIOUS_MOVE = YES;
				CLANG_WARN_UNGUARDED_AVAILABILITY = YES_AGGRESSIVE;
				CLANG_WARN_UNREACHABLE_CODE = YES;
				CLANG_WARN__DUPLICATE_METHOD_MATCH = YES;
				COPY_PHASE_STRIP = NO;
				DEBUG_INFORMATION_FORMAT = "dwarf-with-dsym";
				ENABLE_NS_ASSERTIONS = NO;
				ENABLE_STRICT_OBJC_MSGSEND = YES;
				ENABLE_USER_SCRIPT_SANDBOXING = YES;
				GCC_C_LANGUAGE_STANDARD = gnu17;
				GCC_NO_COMMON_BLOCKS = YES;
				GCC_WARN_64_TO_32_BIT_CONVERSION = YES;
				GCC_WARN_ABOUT_RETURN_TYPE = YES_ERROR;
				GCC_WARN_UNDECLARED_SELECTOR = YES;
				GCC_WARN_UNINITIALIZED_AUTOS = YES_AGGRESSIVE;
				GCC_WARN_UNUSED_FUNCTION = YES;
				GCC_WARN_UNUSED_VARIABLE = YES;
				IPHONEOS_DEPLOYMENT_TARGET = 17.5;
				LOCALIZATION_PREFERS_STRING_CATALOGS = YES;
				MTL_ENABLE_DEBUG_INFO = NO;
				MTL_FAST_MATH = YES;
				SDKROOT = iphoneos;
				SWIFT_COMPILATION_MODE = wholemodule;
				VALIDATE_PRODUCT = YES;
			};
			name = Release;
		};
		D467D4322C6C7FFC000C3993 /* Debug */ = {
			isa = XCBuildConfiguration;
			buildSettings = {
				ASSETCATALOG_COMPILER_APPICON_NAME = AppIcon;
				ASSETCATALOG_COMPILER_GLOBAL_ACCENT_COLOR_NAME = AccentColor;
				CODE_SIGN_STYLE = Automatic;
				CURRENT_PROJECT_VERSION = 1;
				DEVELOPMENT_TEAM = NWL6WKXWCJ;
				GENERATE_INFOPLIST_FILE = YES;
				INFOPLIST_FILE = WNS/Info.plist;
				INFOPLIST_KEY_UIApplicationSupportsIndirectInputEvents = YES;
				INFOPLIST_KEY_UILaunchStoryboardName = LaunchScreen;
				INFOPLIST_KEY_UISupportedInterfaceOrientations = UIInterfaceOrientationPortrait;
				INFOPLIST_KEY_UISupportedInterfaceOrientations_iPad = "UIInterfaceOrientationLandscapeLeft UIInterfaceOrientationLandscapeRight UIInterfaceOrientationPortrait UIInterfaceOrientationPortraitUpsideDown";
				IPHONEOS_DEPLOYMENT_TARGET = 15.0;
				LD_RUNPATH_SEARCH_PATHS = (
					"$(inherited)",
					"@executable_path/Frameworks",
				);
				MARKETING_VERSION = 1.0;
				PRODUCT_BUNDLE_IDENTIFIER = com.Ray.WNS;
				PRODUCT_NAME = "$(TARGET_NAME)";
				SUPPORTED_PLATFORMS = "iphoneos iphonesimulator";
				SUPPORTS_MACCATALYST = NO;
				SUPPORTS_MAC_DESIGNED_FOR_IPHONE_IPAD = NO;
				SUPPORTS_XR_DESIGNED_FOR_IPHONE_IPAD = NO;
				SWIFT_EMIT_LOC_STRINGS = YES;
				SWIFT_VERSION = 5.0;
				TARGETED_DEVICE_FAMILY = 1;
			};
			name = Debug;
		};
		D467D4332C6C7FFC000C3993 /* Release */ = {
			isa = XCBuildConfiguration;
			buildSettings = {
				ASSETCATALOG_COMPILER_APPICON_NAME = AppIcon;
				ASSETCATALOG_COMPILER_GLOBAL_ACCENT_COLOR_NAME = AccentColor;
				CODE_SIGN_STYLE = Automatic;
				CURRENT_PROJECT_VERSION = 1;
				DEVELOPMENT_TEAM = NWL6WKXWCJ;
				GENERATE_INFOPLIST_FILE = YES;
				INFOPLIST_FILE = WNS/Info.plist;
				INFOPLIST_KEY_UIApplicationSupportsIndirectInputEvents = YES;
				INFOPLIST_KEY_UILaunchStoryboardName = LaunchScreen;
				INFOPLIST_KEY_UISupportedInterfaceOrientations = UIInterfaceOrientationPortrait;
				INFOPLIST_KEY_UISupportedInterfaceOrientations_iPad = "UIInterfaceOrientationLandscapeLeft UIInterfaceOrientationLandscapeRight UIInterfaceOrientationPortrait UIInterfaceOrientationPortraitUpsideDown";
				IPHONEOS_DEPLOYMENT_TARGET = 15.0;
				LD_RUNPATH_SEARCH_PATHS = (
					"$(inherited)",
					"@executable_path/Frameworks",
				);
				MARKETING_VERSION = 1.0;
				PRODUCT_BUNDLE_IDENTIFIER = com.Ray.WNS;
				PRODUCT_NAME = "$(TARGET_NAME)";
				SUPPORTED_PLATFORMS = "iphoneos iphonesimulator";
				SUPPORTS_MACCATALYST = NO;
				SUPPORTS_MAC_DESIGNED_FOR_IPHONE_IPAD = NO;
				SUPPORTS_XR_DESIGNED_FOR_IPHONE_IPAD = NO;
				SWIFT_EMIT_LOC_STRINGS = YES;
				SWIFT_VERSION = 5.0;
				TARGETED_DEVICE_FAMILY = 1;
			};
			name = Release;
		};
/* End XCBuildConfiguration section */

/* Begin XCConfigurationList section */
		D467D4182C6C7FFA000C3993 /* Build configuration list for PBXProject "WNS" */ = {
			isa = XCConfigurationList;
			buildConfigurations = (
				D467D42F2C6C7FFC000C3993 /* Debug */,
				D467D4302C6C7FFC000C3993 /* Release */,
			);
			defaultConfigurationIsVisible = 0;
			defaultConfigurationName = Release;
		};
		D467D4312C6C7FFC000C3993 /* Build configuration list for PBXNativeTarget "WNS" */ = {
			isa = XCConfigurationList;
			buildConfigurations = (
				D467D4322C6C7FFC000C3993 /* Debug */,
				D467D4332C6C7FFC000C3993 /* Release */,
			);
			defaultConfigurationIsVisible = 0;
			defaultConfigurationName = Release;
		};
/* End XCConfigurationList section */

/* Begin XCRemoteSwiftPackageReference section */
		D467D43D2C6C86B6000C3993 /* XCRemoteSwiftPackageReference "Alamofire" */ = {
			isa = XCRemoteSwiftPackageReference;
			repositoryURL = "https://github.com/Alamofire/Alamofire.git";
			requirement = {
				kind = upToNextMajorVersion;
				minimumVersion = 5.9.1;
			};
		};
		D467D4402C6C86CC000C3993 /* XCRemoteSwiftPackageReference "RxSwift" */ = {
			isa = XCRemoteSwiftPackageReference;
			repositoryURL = "https://github.com/ReactiveX/RxSwift.git";
			requirement = {
				kind = upToNextMajorVersion;
				minimumVersion = 6.7.1;
			};
		};
		D467D4452C6C86FA000C3993 /* XCRemoteSwiftPackageReference "realm-swift" */ = {
			isa = XCRemoteSwiftPackageReference;
			repositoryURL = "https://github.com/realm/realm-swift.git";
			requirement = {
				branch = master;
				kind = branch;
			};
		};
/* End XCRemoteSwiftPackageReference section */

/* Begin XCSwiftPackageProductDependency section */
		D467D43E2C6C86B6000C3993 /* Alamofire */ = {
			isa = XCSwiftPackageProductDependency;
			package = D467D43D2C6C86B6000C3993 /* XCRemoteSwiftPackageReference "Alamofire" */;
			productName = Alamofire;
		};
		D467D4412C6C86CC000C3993 /* RxCocoa */ = {
			isa = XCSwiftPackageProductDependency;
			package = D467D4402C6C86CC000C3993 /* XCRemoteSwiftPackageReference "RxSwift" */;
			productName = RxCocoa;
		};
		D467D4432C6C86CC000C3993 /* RxSwift */ = {
			isa = XCSwiftPackageProductDependency;
			package = D467D4402C6C86CC000C3993 /* XCRemoteSwiftPackageReference "RxSwift" */;
			productName = RxSwift;
		};
		D467D4462C6C86FA000C3993 /* Realm */ = {
			isa = XCSwiftPackageProductDependency;
			package = D467D4452C6C86FA000C3993 /* XCRemoteSwiftPackageReference "realm-swift" */;
			productName = Realm;
		};
/* End XCSwiftPackageProductDependency section */
	};
	rootObject = D467D4152C6C7FFA000C3993 /* Project object */;
}
